
Microsoft Visual Studio Solution File, Format Version 12.00
# Visual Studio Version 17
VisualStudioVersion = 17.7.34221.43
MinimumVisualStudioVersion = 10.0.40219.1
Project("{9A19103F-16F7-4668-BE54-9A1E7A4F7556}") = "AirZapto.WebServer", "AirZapto.WebServer\AirZapto.WebServer.csproj", "{0036F9A5-30EC-4805-9F7E-2CA9DBE714D8}"
EndProject
Project("{2150E333-8FDC-42A3-9474-1A3956D46DE8}") = "Core", "Core", "{B58891B1-5C52-4506-9061-B140F7D787D2}"
EndProject
Project("{2150E333-8FDC-42A3-9474-1A3956D46DE8}") = "Infrastructure", "Infrastructure", "{338A2DC7-55DF-4853-8CF3-7F56B2D9BBF1}"
EndProject
Project("{2150E333-8FDC-42A3-9474-1A3956D46DE8}") = "Persistence", "Persistence", "{0D7DDA65-E916-4E2B-9A85-C553E0E5FF8B}"
EndProject
Project("{2150E333-8FDC-42A3-9474-1A3956D46DE8}") = "WebApi", "WebApi", "{9DEBD2D6-B5DF-413F-A28E-3A11AC7338B8}"
EndProject
Project("{9A19103F-16F7-4668-BE54-9A1E7A4F7556}") = "AirZapto.Domain", "AirZapto.Domain\AirZapto.Domain.csproj", "{964AA978-52B4-47EC-BF1A-F839A5A52108}"
EndProject
Project("{9A19103F-16F7-4668-BE54-9A1E7A4F7556}") = "Framework.Core", "Framework.Core\Framework.Core.csproj", "{0F415CDE-B089-45A7-8327-9797F377B314}"
EndProject
Project("{9A19103F-16F7-4668-BE54-9A1E7A4F7556}") = "AirZapto.Data.Services", "AirZapto.Data.Services\AirZapto.Data.Services.csproj", "{78523FF7-5510-4D32-B8A5-78F7C9F2810D}"
EndProject
Project("{9A19103F-16F7-4668-BE54-9A1E7A4F7556}") = "Framework.Data.Services", "Framework.Data.Services\Framework.Data.Services.csproj", "{37B0E578-EE6A-408F-8DE5-690BF1704DC4}"
EndProject
Project("{9A19103F-16F7-4668-BE54-9A1E7A4F7556}") = "AirZapto.WebServer.Services", "AirZapto.WebServer.Services\AirZapto.WebServer.Services.csproj", "{2F673026-250B-412E-ACEE-E5C16CA94E6F}"
EndProject
Project("{9A19103F-16F7-4668-BE54-9A1E7A4F7556}") = "Serilog.Sinks.SQLite", "Serilog.Sqlite.Sinks\src\Serilog.Sinks.SQLite\Serilog.Sinks.SQLite.csproj", "{B9E128D0-7822-46AC-9A72-5CEAB7342EE0}"
EndProject
Project("{9A19103F-16F7-4668-BE54-9A1E7A4F7556}") = "AirZapto.Application.Services", "AirZapto.Application.Services\AirZapto.Application.Services.csproj", "{79B2C783-1CB0-4DBF-9DD2-0017AF00B8B6}"
EndProject
Project("{9A19103F-16F7-4668-BE54-9A1E7A4F7556}") = "AirZapto.Data.Supervisors", "AirZapto.Data.Supervisors\AirZapto.Data.Supervisors.csproj", "{1F4B1FD0-84C9-4A1F-A28B-134C366F4E43}"
EndProject
Project("{9A19103F-16F7-4668-BE54-9A1E7A4F7556}") = "AirZapto.Data.Repositories", "AirZapto.Data.Repositories\AirZapto.Data.Repositories.csproj", "{44F0074A-35FB-4D82-8E4E-62F7646DA9ED}"
EndProject
Project("{9A19103F-16F7-4668-BE54-9A1E7A4F7556}") = "Framework.Common.Services", "Framework.Common.Services\Framework.Common.Services.csproj", "{738D30A5-8D22-41DC-B48C-A995B0DF7FE5}"
EndProject
Project("{2150E333-8FDC-42A3-9474-1A3956D46DE8}") = "Solution Items", "Solution Items", "{AB3BB70A-EABE-4BF8-93C2-568D7E422363}"
	ProjectSection(SolutionItems) = preProject
		.editorconfig = .editorconfig
	EndProjectSection
EndProject
Global
	GlobalSection(SolutionConfigurationPlatforms) = preSolution
		Debug|Any CPU = Debug|Any CPU
		Debug|x86 = Debug|x86
		Release|Any CPU = Release|Any CPU
		Release|x86 = Release|x86
	EndGlobalSection
	GlobalSection(ProjectConfigurationPlatforms) = postSolution
		{0036F9A5-30EC-4805-9F7E-2CA9DBE714D8}.Debug|Any CPU.ActiveCfg = Debug|Any CPU
		{0036F9A5-30EC-4805-9F7E-2CA9DBE714D8}.Debug|Any CPU.Build.0 = Debug|Any CPU
		{0036F9A5-30EC-4805-9F7E-2CA9DBE714D8}.Debug|x86.ActiveCfg = Debug|Any CPU
		{0036F9A5-30EC-4805-9F7E-2CA9DBE714D8}.Debug|x86.Build.0 = Debug|Any CPU
		{0036F9A5-30EC-4805-9F7E-2CA9DBE714D8}.Release|Any CPU.ActiveCfg = Release|Any CPU
		{0036F9A5-30EC-4805-9F7E-2CA9DBE714D8}.Release|Any CPU.Build.0 = Release|Any CPU
		{0036F9A5-30EC-4805-9F7E-2CA9DBE714D8}.Release|x86.ActiveCfg = Release|Any CPU
		{0036F9A5-30EC-4805-9F7E-2CA9DBE714D8}.Release|x86.Build.0 = Release|Any CPU
		{964AA978-52B4-47EC-BF1A-F839A5A52108}.Debug|Any CPU.ActiveCfg = Debug|Any CPU
		{964AA978-52B4-47EC-BF1A-F839A5A52108}.Debug|Any CPU.Build.0 = Debug|Any CPU
		{964AA978-52B4-47EC-BF1A-F839A5A52108}.Debug|x86.ActiveCfg = Debug|Any CPU
		{964AA978-52B4-47EC-BF1A-F839A5A52108}.Debug|x86.Build.0 = Debug|Any CPU
		{964AA978-52B4-47EC-BF1A-F839A5A52108}.Release|Any CPU.ActiveCfg = Release|Any CPU
		{964AA978-52B4-47EC-BF1A-F839A5A52108}.Release|Any CPU.Build.0 = Release|Any CPU
		{964AA978-52B4-47EC-BF1A-F839A5A52108}.Release|x86.ActiveCfg = Release|Any CPU
		{964AA978-52B4-47EC-BF1A-F839A5A52108}.Release|x86.Build.0 = Release|Any CPU
		{0F415CDE-B089-45A7-8327-9797F377B314}.Debug|Any CPU.ActiveCfg = Debug|Any CPU
		{0F415CDE-B089-45A7-8327-9797F377B314}.Debug|Any CPU.Build.0 = Debug|Any CPU
		{0F415CDE-B089-45A7-8327-9797F377B314}.Debug|x86.ActiveCfg = Debug|x86
		{0F415CDE-B089-45A7-8327-9797F377B314}.Debug|x86.Build.0 = Debug|x86
		{0F415CDE-B089-45A7-8327-9797F377B314}.Release|Any CPU.ActiveCfg = Release|Any CPU
		{0F415CDE-B089-45A7-8327-9797F377B314}.Release|Any CPU.Build.0 = Release|Any CPU
		{0F415CDE-B089-45A7-8327-9797F377B314}.Release|x86.ActiveCfg = Release|x86
		{0F415CDE-B089-45A7-8327-9797F377B314}.Release|x86.Build.0 = Release|x86
		{78523FF7-5510-4D32-B8A5-78F7C9F2810D}.Debug|Any CPU.ActiveCfg = Debug|Any CPU
		{78523FF7-5510-4D32-B8A5-78F7C9F2810D}.Debug|Any CPU.Build.0 = Debug|Any CPU
		{78523FF7-5510-4D32-B8A5-78F7C9F2810D}.Debug|x86.ActiveCfg = Debug|Any CPU
		{78523FF7-5510-4D32-B8A5-78F7C9F2810D}.Debug|x86.Build.0 = Debug|Any CPU
		{78523FF7-5510-4D32-B8A5-78F7C9F2810D}.Release|Any CPU.ActiveCfg = Release|Any CPU
		{78523FF7-5510-4D32-B8A5-78F7C9F2810D}.Release|Any CPU.Build.0 = Release|Any CPU
		{78523FF7-5510-4D32-B8A5-78F7C9F2810D}.Release|x86.ActiveCfg = Release|Any CPU
		{78523FF7-5510-4D32-B8A5-78F7C9F2810D}.Release|x86.Build.0 = Release|Any CPU
		{37B0E578-EE6A-408F-8DE5-690BF1704DC4}.Debug|Any CPU.ActiveCfg = Debug|Any CPU
		{37B0E578-EE6A-408F-8DE5-690BF1704DC4}.Debug|Any CPU.Build.0 = Debug|Any CPU
		{37B0E578-EE6A-408F-8DE5-690BF1704DC4}.Debug|x86.ActiveCfg = Debug|Any CPU
		{37B0E578-EE6A-408F-8DE5-690BF1704DC4}.Debug|x86.Build.0 = Debug|Any CPU
		{37B0E578-EE6A-408F-8DE5-690BF1704DC4}.Release|Any CPU.ActiveCfg = Release|Any CPU
		{37B0E578-EE6A-408F-8DE5-690BF1704DC4}.Release|Any CPU.Build.0 = Release|Any CPU
		{37B0E578-EE6A-408F-8DE5-690BF1704DC4}.Release|x86.ActiveCfg = Release|Any CPU
		{37B0E578-EE6A-408F-8DE5-690BF1704DC4}.Release|x86.Build.0 = Release|Any CPU
		{2F673026-250B-412E-ACEE-E5C16CA94E6F}.Debug|Any CPU.ActiveCfg = Debug|Any CPU
		{2F673026-250B-412E-ACEE-E5C16CA94E6F}.Debug|Any CPU.Build.0 = Debug|Any CPU
		{2F673026-250B-412E-ACEE-E5C16CA94E6F}.Debug|x86.ActiveCfg = Debug|Any CPU
		{2F673026-250B-412E-ACEE-E5C16CA94E6F}.Debug|x86.Build.0 = Debug|Any CPU
		{2F673026-250B-412E-ACEE-E5C16CA94E6F}.Release|Any CPU.ActiveCfg = Release|Any CPU
		{2F673026-250B-412E-ACEE-E5C16CA94E6F}.Release|Any CPU.Build.0 = Release|Any CPU
		{2F673026-250B-412E-ACEE-E5C16CA94E6F}.Release|x86.ActiveCfg = Release|Any CPU
		{2F673026-250B-412E-ACEE-E5C16CA94E6F}.Release|x86.Build.0 = Release|Any CPU
		{B9E128D0-7822-46AC-9A72-5CEAB7342EE0}.Debug|Any CPU.ActiveCfg = Debug|Any CPU
		{B9E128D0-7822-46AC-9A72-5CEAB7342EE0}.Debug|Any CPU.Build.0 = Debug|Any CPU
		{B9E128D0-7822-46AC-9A72-5CEAB7342EE0}.Debug|x86.ActiveCfg = Debug|Any CPU
		{B9E128D0-7822-46AC-9A72-5CEAB7342EE0}.Debug|x86.Build.0 = Debug|Any CPU
		{B9E128D0-7822-46AC-9A72-5CEAB7342EE0}.Release|Any CPU.ActiveCfg = Release|Any CPU
		{B9E128D0-7822-46AC-9A72-5CEAB7342EE0}.Release|Any CPU.Build.0 = Release|Any CPU
		{B9E128D0-7822-46AC-9A72-5CEAB7342EE0}.Release|x86.ActiveCfg = Release|Any CPU
		{B9E128D0-7822-46AC-9A72-5CEAB7342EE0}.Release|x86.Build.0 = Release|Any CPU
		{79B2C783-1CB0-4DBF-9DD2-0017AF00B8B6}.Debug|Any CPU.ActiveCfg = Debug|Any CPU
		{79B2C783-1CB0-4DBF-9DD2-0017AF00B8B6}.Debug|Any CPU.Build.0 = Debug|Any CPU
		{79B2C783-1CB0-4DBF-9DD2-0017AF00B8B6}.Debug|x86.ActiveCfg = Debug|Any CPU
		{79B2C783-1CB0-4DBF-9DD2-0017AF00B8B6}.Debug|x86.Build.0 = Debug|Any CPU
		{79B2C783-1CB0-4DBF-9DD2-0017AF00B8B6}.Release|Any CPU.ActiveCfg = Release|Any CPU
		{79B2C783-1CB0-4DBF-9DD2-0017AF00B8B6}.Release|Any CPU.Build.0 = Release|Any CPU
		{79B2C783-1CB0-4DBF-9DD2-0017AF00B8B6}.Release|x86.ActiveCfg = Release|Any CPU
		{79B2C783-1CB0-4DBF-9DD2-0017AF00B8B6}.Release|x86.Build.0 = Release|Any CPU
		{1F4B1FD0-84C9-4A1F-A28B-134C366F4E43}.Debug|Any CPU.ActiveCfg = Debug|Any CPU
		{1F4B1FD0-84C9-4A1F-A28B-134C366F4E43}.Debug|Any CPU.Build.0 = Debug|Any CPU
		{1F4B1FD0-84C9-4A1F-A28B-134C366F4E43}.Debug|x86.ActiveCfg = Debug|Any CPU
		{1F4B1FD0-84C9-4A1F-A28B-134C366F4E43}.Debug|x86.Build.0 = Debug|Any CPU
		{1F4B1FD0-84C9-4A1F-A28B-134C366F4E43}.Release|Any CPU.ActiveCfg = Release|Any CPU
		{1F4B1FD0-84C9-4A1F-A28B-134C366F4E43}.Release|Any CPU.Build.0 = Release|Any CPU
		{1F4B1FD0-84C9-4A1F-A28B-134C366F4E43}.Release|x86.ActiveCfg = Release|Any CPU
		{1F4B1FD0-84C9-4A1F-A28B-134C366F4E43}.Release|x86.Build.0 = Release|Any CPU
		{44F0074A-35FB-4D82-8E4E-62F7646DA9ED}.Debug|Any CPU.ActiveCfg = Debug|Any CPU
		{44F0074A-35FB-4D82-8E4E-62F7646DA9ED}.Debug|Any CPU.Build.0 = Debug|Any CPU
		{44F0074A-35FB-4D82-8E4E-62F7646DA9ED}.Debug|x86.ActiveCfg = Debug|Any CPU
		{44F0074A-35FB-4D82-8E4E-62F7646DA9ED}.Debug|x86.Build.0 = Debug|Any CPU
		{44F0074A-35FB-4D82-8E4E-62F7646DA9ED}.Release|Any CPU.ActiveCfg = Release|Any CPU
		{44F0074A-35FB-4D82-8E4E-62F7646DA9ED}.Release|Any CPU.Build.0 = Release|Any CPU
		{44F0074A-35FB-4D82-8E4E-62F7646DA9ED}.Release|x86.ActiveCfg = Release|Any CPU
		{44F0074A-35FB-4D82-8E4E-62F7646DA9ED}.Release|x86.Build.0 = Release|Any CPU
		{738D30A5-8D22-41DC-B48C-A995B0DF7FE5}.Debug|Any CPU.ActiveCfg = Debug|Any CPU
		{738D30A5-8D22-41DC-B48C-A995B0DF7FE5}.Debug|Any CPU.Build.0 = Debug|Any CPU
		{738D30A5-8D22-41DC-B48C-A995B0DF7FE5}.Debug|x86.ActiveCfg = Debug|Any CPU
		{738D30A5-8D22-41DC-B48C-A995B0DF7FE5}.Debug|x86.Build.0 = Debug|Any CPU
		{738D30A5-8D22-41DC-B48C-A995B0DF7FE5}.Release|Any CPU.ActiveCfg = Release|Any CPU
		{738D30A5-8D22-41DC-B48C-A995B0DF7FE5}.Release|Any CPU.Build.0 = Release|Any CPU
		{738D30A5-8D22-41DC-B48C-A995B0DF7FE5}.Release|x86.ActiveCfg = Release|Any CPU
		{738D30A5-8D22-41DC-B48C-A995B0DF7FE5}.Release|x86.Build.0 = Release|Any CPU
	EndGlobalSection
	GlobalSection(SolutionProperties) = preSolution
		HideSolutionNode = FALSE
	EndGlobalSection
	GlobalSection(NestedProjects) = preSolution
		{0036F9A5-30EC-4805-9F7E-2CA9DBE714D8} = {9DEBD2D6-B5DF-413F-A28E-3A11AC7338B8}
		{964AA978-52B4-47EC-BF1A-F839A5A52108} = {B58891B1-5C52-4506-9061-B140F7D787D2}
		{0F415CDE-B089-45A7-8327-9797F377B314} = {338A2DC7-55DF-4853-8CF3-7F56B2D9BBF1}
		{78523FF7-5510-4D32-B8A5-78F7C9F2810D} = {0D7DDA65-E916-4E2B-9A85-C553E0E5FF8B}
		{37B0E578-EE6A-408F-8DE5-690BF1704DC4} = {0D7DDA65-E916-4E2B-9A85-C553E0E5FF8B}
		{2F673026-250B-412E-ACEE-E5C16CA94E6F} = {9DEBD2D6-B5DF-413F-A28E-3A11AC7338B8}
		{B9E128D0-7822-46AC-9A72-5CEAB7342EE0} = {338A2DC7-55DF-4853-8CF3-7F56B2D9BBF1}
		{79B2C783-1CB0-4DBF-9DD2-0017AF00B8B6} = {B58891B1-5C52-4506-9061-B140F7D787D2}
		{1F4B1FD0-84C9-4A1F-A28B-134C366F4E43} = {0D7DDA65-E916-4E2B-9A85-C553E0E5FF8B}
		{44F0074A-35FB-4D82-8E4E-62F7646DA9ED} = {0D7DDA65-E916-4E2B-9A85-C553E0E5FF8B}
		{738D30A5-8D22-41DC-B48C-A995B0DF7FE5} = {338A2DC7-55DF-4853-8CF3-7F56B2D9BBF1}
	EndGlobalSection
	GlobalSection(ExtensibilityGlobals) = postSolution
		SolutionGuid = {498E096D-25A7-4EC6-89A7-F7B175B9ADF2}
	EndGlobalSection
EndGlobal
