
Microsoft Visual Studio Solution File, Format Version 12.00
# Visual Studio Version 17
VisualStudioVersion = 17.7.34221.43
MinimumVisualStudioVersion = 10.0.40219.1
Project("{9A19103F-16F7-4668-BE54-9A1E7A4F7556}") = "Connect.WebServer", "Connect.WebServer\Connect.WebServer.csproj", "{C4202C47-DFC9-4F28-A4E5-891B25567130}"
EndProject
Project("{9A19103F-16F7-4668-BE54-9A1E7A4F7556}") = "Connect.WebServer.Services", "Connect.WebServer.Services\Connect.WebServer.Services.csproj", "{C3E2B9A5-759C-48E8-B4EF-C47C750AF2ED}"
EndProject
Project("{9A19103F-16F7-4668-BE54-9A1E7A4F7556}") = "Connect.Data", "Connect.Data\Connect.Data.csproj", "{68BDD544-FD45-408E-82A9-C8E91999897C}"
EndProject
Project("{9A19103F-16F7-4668-BE54-9A1E7A4F7556}") = "Connect.Application.Services", "Connect.Application.Services\Connect.Application.Services.csproj", "{59CBAE38-CC3A-4C84-AB6B-B297579D2A51}"
EndProject
Project("{9A19103F-16F7-4668-BE54-9A1E7A4F7556}") = "Connect.Domain", "Connect.Domain\Connect.Domain.csproj", "{A77D374F-023D-422B-9BCB-236525C0D74F}"
EndProject
Project("{9A19103F-16F7-4668-BE54-9A1E7A4F7556}") = "Framework.Core", "Framework.Core\Framework.Core.csproj", "{2942639C-1F21-469B-90FB-ED10E4F3FB27}"
EndProject
Project("{9A19103F-16F7-4668-BE54-9A1E7A4F7556}") = "Connect.Data.Services", "Connect.Data.Services\Connect.Data.Services.csproj", "{FEB0A35B-CD2F-402A-8A4D-9D75DBFDFC96}"
EndProject
Project("{9A19103F-16F7-4668-BE54-9A1E7A4F7556}") = "Framework.Data.Services", "Framework.Data.Services\Framework.Data.Services.csproj", "{A61CD230-0209-4DA9-A12E-AA5946F4D749}"
EndProject
Project("{2150E333-8FDC-42A3-9474-1A3956D46DE8}") = "Core", "Core", "{9DDAEFD0-CD47-4EFD-B7D5-64ACCAA3E859}"
EndProject
Project("{2150E333-8FDC-42A3-9474-1A3956D46DE8}") = "Infrastructure", "Infrastructure", "{A465C8AB-88DB-4C3D-BEA2-B2463FF99C96}"
EndProject
Project("{9A19103F-16F7-4668-BE54-9A1E7A4F7556}") = "Framework.Infrastructure.Services", "Framework.Infrastructure.Services\Framework.Infrastructure.Services.csproj", "{1D4001AE-756C-4CCB-B98A-17644424F38E}"
EndProject
Project("{2150E333-8FDC-42A3-9474-1A3956D46DE8}") = "Persistence", "Persistence", "{79934A2C-DE3D-4DCD-B2EC-FD800FDC0873}"
EndProject
Project("{2150E333-8FDC-42A3-9474-1A3956D46DE8}") = "WebApi", "WebApi", "{183C19D3-D7ED-457E-BF41-7A41688EB0B7}"
EndProject
Global
	GlobalSection(SolutionConfigurationPlatforms) = preSolution
		Debug|Any CPU = Debug|Any CPU
		Debug|x86 = Debug|x86
		Release|Any CPU = Release|Any CPU
		Release|x86 = Release|x86
	EndGlobalSection
	GlobalSection(ProjectConfigurationPlatforms) = postSolution
		{C4202C47-DFC9-4F28-A4E5-891B25567130}.Debug|Any CPU.ActiveCfg = Debug|Any CPU
		{C4202C47-DFC9-4F28-A4E5-891B25567130}.Debug|Any CPU.Build.0 = Debug|Any CPU
		{C4202C47-DFC9-4F28-A4E5-891B25567130}.Debug|x86.ActiveCfg = Debug|Any CPU
		{C4202C47-DFC9-4F28-A4E5-891B25567130}.Debug|x86.Build.0 = Debug|Any CPU
		{C4202C47-DFC9-4F28-A4E5-891B25567130}.Release|Any CPU.ActiveCfg = Release|Any CPU
		{C4202C47-DFC9-4F28-A4E5-891B25567130}.Release|Any CPU.Build.0 = Release|Any CPU
		{C4202C47-DFC9-4F28-A4E5-891B25567130}.Release|x86.ActiveCfg = Release|Any CPU
		{C4202C47-DFC9-4F28-A4E5-891B25567130}.Release|x86.Build.0 = Release|Any CPU
		{C3E2B9A5-759C-48E8-B4EF-C47C750AF2ED}.Debug|Any CPU.ActiveCfg = Debug|Any CPU
		{C3E2B9A5-759C-48E8-B4EF-C47C750AF2ED}.Debug|Any CPU.Build.0 = Debug|Any CPU
		{C3E2B9A5-759C-48E8-B4EF-C47C750AF2ED}.Debug|x86.ActiveCfg = Debug|Any CPU
		{C3E2B9A5-759C-48E8-B4EF-C47C750AF2ED}.Debug|x86.Build.0 = Debug|Any CPU
		{C3E2B9A5-759C-48E8-B4EF-C47C750AF2ED}.Release|Any CPU.ActiveCfg = Release|Any CPU
		{C3E2B9A5-759C-48E8-B4EF-C47C750AF2ED}.Release|Any CPU.Build.0 = Release|Any CPU
		{C3E2B9A5-759C-48E8-B4EF-C47C750AF2ED}.Release|x86.ActiveCfg = Release|Any CPU
		{C3E2B9A5-759C-48E8-B4EF-C47C750AF2ED}.Release|x86.Build.0 = Release|Any CPU
		{68BDD544-FD45-408E-82A9-C8E91999897C}.Debug|Any CPU.ActiveCfg = Debug|Any CPU
		{68BDD544-FD45-408E-82A9-C8E91999897C}.Debug|Any CPU.Build.0 = Debug|Any CPU
		{68BDD544-FD45-408E-82A9-C8E91999897C}.Debug|x86.ActiveCfg = Debug|Any CPU
		{68BDD544-FD45-408E-82A9-C8E91999897C}.Debug|x86.Build.0 = Debug|Any CPU
		{68BDD544-FD45-408E-82A9-C8E91999897C}.Release|Any CPU.ActiveCfg = Release|Any CPU
		{68BDD544-FD45-408E-82A9-C8E91999897C}.Release|Any CPU.Build.0 = Release|Any CPU
		{68BDD544-FD45-408E-82A9-C8E91999897C}.Release|x86.ActiveCfg = Release|Any CPU
		{68BDD544-FD45-408E-82A9-C8E91999897C}.Release|x86.Build.0 = Release|Any CPU
		{59CBAE38-CC3A-4C84-AB6B-B297579D2A51}.Debug|Any CPU.ActiveCfg = Debug|Any CPU
		{59CBAE38-CC3A-4C84-AB6B-B297579D2A51}.Debug|Any CPU.Build.0 = Debug|Any CPU
		{59CBAE38-CC3A-4C84-AB6B-B297579D2A51}.Debug|x86.ActiveCfg = Debug|Any CPU
		{59CBAE38-CC3A-4C84-AB6B-B297579D2A51}.Debug|x86.Build.0 = Debug|Any CPU
		{59CBAE38-CC3A-4C84-AB6B-B297579D2A51}.Release|Any CPU.ActiveCfg = Release|Any CPU
		{59CBAE38-CC3A-4C84-AB6B-B297579D2A51}.Release|Any CPU.Build.0 = Release|Any CPU
		{59CBAE38-CC3A-4C84-AB6B-B297579D2A51}.Release|x86.ActiveCfg = Release|Any CPU
		{59CBAE38-CC3A-4C84-AB6B-B297579D2A51}.Release|x86.Build.0 = Release|Any CPU
		{A77D374F-023D-422B-9BCB-236525C0D74F}.Debug|Any CPU.ActiveCfg = Debug|Any CPU
		{A77D374F-023D-422B-9BCB-236525C0D74F}.Debug|Any CPU.Build.0 = Debug|Any CPU
		{A77D374F-023D-422B-9BCB-236525C0D74F}.Debug|x86.ActiveCfg = Debug|x86
		{A77D374F-023D-422B-9BCB-236525C0D74F}.Debug|x86.Build.0 = Debug|x86
		{A77D374F-023D-422B-9BCB-236525C0D74F}.Release|Any CPU.ActiveCfg = Release|Any CPU
		{A77D374F-023D-422B-9BCB-236525C0D74F}.Release|Any CPU.Build.0 = Release|Any CPU
		{A77D374F-023D-422B-9BCB-236525C0D74F}.Release|x86.ActiveCfg = Release|x86
		{A77D374F-023D-422B-9BCB-236525C0D74F}.Release|x86.Build.0 = Release|x86
		{2942639C-1F21-469B-90FB-ED10E4F3FB27}.Debug|Any CPU.ActiveCfg = Debug|Any CPU
		{2942639C-1F21-469B-90FB-ED10E4F3FB27}.Debug|Any CPU.Build.0 = Debug|Any CPU
		{2942639C-1F21-469B-90FB-ED10E4F3FB27}.Debug|x86.ActiveCfg = Debug|x86
		{2942639C-1F21-469B-90FB-ED10E4F3FB27}.Debug|x86.Build.0 = Debug|x86
		{2942639C-1F21-469B-90FB-ED10E4F3FB27}.Release|Any CPU.ActiveCfg = Release|Any CPU
		{2942639C-1F21-469B-90FB-ED10E4F3FB27}.Release|Any CPU.Build.0 = Release|Any CPU
		{2942639C-1F21-469B-90FB-ED10E4F3FB27}.Release|x86.ActiveCfg = Release|x86
		{2942639C-1F21-469B-90FB-ED10E4F3FB27}.Release|x86.Build.0 = Release|x86
		{FEB0A35B-CD2F-402A-8A4D-9D75DBFDFC96}.Debug|Any CPU.ActiveCfg = Debug|Any CPU
		{FEB0A35B-CD2F-402A-8A4D-9D75DBFDFC96}.Debug|Any CPU.Build.0 = Debug|Any CPU
		{FEB0A35B-CD2F-402A-8A4D-9D75DBFDFC96}.Debug|x86.ActiveCfg = Debug|Any CPU
		{FEB0A35B-CD2F-402A-8A4D-9D75DBFDFC96}.Debug|x86.Build.0 = Debug|Any CPU
		{FEB0A35B-CD2F-402A-8A4D-9D75DBFDFC96}.Release|Any CPU.ActiveCfg = Release|Any CPU
		{FEB0A35B-CD2F-402A-8A4D-9D75DBFDFC96}.Release|Any CPU.Build.0 = Release|Any CPU
		{FEB0A35B-CD2F-402A-8A4D-9D75DBFDFC96}.Release|x86.ActiveCfg = Release|Any CPU
		{FEB0A35B-CD2F-402A-8A4D-9D75DBFDFC96}.Release|x86.Build.0 = Release|Any CPU
		{A61CD230-0209-4DA9-A12E-AA5946F4D749}.Debug|Any CPU.ActiveCfg = Debug|Any CPU
		{A61CD230-0209-4DA9-A12E-AA5946F4D749}.Debug|Any CPU.Build.0 = Debug|Any CPU
		{A61CD230-0209-4DA9-A12E-AA5946F4D749}.Debug|x86.ActiveCfg = Debug|Any CPU
		{A61CD230-0209-4DA9-A12E-AA5946F4D749}.Debug|x86.Build.0 = Debug|Any CPU
		{A61CD230-0209-4DA9-A12E-AA5946F4D749}.Release|Any CPU.ActiveCfg = Release|Any CPU
		{A61CD230-0209-4DA9-A12E-AA5946F4D749}.Release|Any CPU.Build.0 = Release|Any CPU
		{A61CD230-0209-4DA9-A12E-AA5946F4D749}.Release|x86.ActiveCfg = Release|Any CPU
		{A61CD230-0209-4DA9-A12E-AA5946F4D749}.Release|x86.Build.0 = Release|Any CPU
		{1D4001AE-756C-4CCB-B98A-17644424F38E}.Debug|Any CPU.ActiveCfg = Debug|Any CPU
		{1D4001AE-756C-4CCB-B98A-17644424F38E}.Debug|Any CPU.Build.0 = Debug|Any CPU
		{1D4001AE-756C-4CCB-B98A-17644424F38E}.Debug|x86.ActiveCfg = Debug|Any CPU
		{1D4001AE-756C-4CCB-B98A-17644424F38E}.Debug|x86.Build.0 = Debug|Any CPU
		{1D4001AE-756C-4CCB-B98A-17644424F38E}.Release|Any CPU.ActiveCfg = Release|Any CPU
		{1D4001AE-756C-4CCB-B98A-17644424F38E}.Release|Any CPU.Build.0 = Release|Any CPU
		{1D4001AE-756C-4CCB-B98A-17644424F38E}.Release|x86.ActiveCfg = Release|Any CPU
		{1D4001AE-756C-4CCB-B98A-17644424F38E}.Release|x86.Build.0 = Release|Any CPU
	EndGlobalSection
	GlobalSection(SolutionProperties) = preSolution
		HideSolutionNode = FALSE
	EndGlobalSection
	GlobalSection(NestedProjects) = preSolution
		{C4202C47-DFC9-4F28-A4E5-891B25567130} = {183C19D3-D7ED-457E-BF41-7A41688EB0B7}
		{C3E2B9A5-759C-48E8-B4EF-C47C750AF2ED} = {183C19D3-D7ED-457E-BF41-7A41688EB0B7}
		{68BDD544-FD45-408E-82A9-C8E91999897C} = {79934A2C-DE3D-4DCD-B2EC-FD800FDC0873}
		{59CBAE38-CC3A-4C84-AB6B-B297579D2A51} = {9DDAEFD0-CD47-4EFD-B7D5-64ACCAA3E859}
		{A77D374F-023D-422B-9BCB-236525C0D74F} = {9DDAEFD0-CD47-4EFD-B7D5-64ACCAA3E859}
		{2942639C-1F21-469B-90FB-ED10E4F3FB27} = {A465C8AB-88DB-4C3D-BEA2-B2463FF99C96}
		{FEB0A35B-CD2F-402A-8A4D-9D75DBFDFC96} = {79934A2C-DE3D-4DCD-B2EC-FD800FDC0873}
		{A61CD230-0209-4DA9-A12E-AA5946F4D749} = {79934A2C-DE3D-4DCD-B2EC-FD800FDC0873}
		{1D4001AE-756C-4CCB-B98A-17644424F38E} = {A465C8AB-88DB-4C3D-BEA2-B2463FF99C96}
	EndGlobalSection
	GlobalSection(ExtensibilityGlobals) = postSolution
		SolutionGuid = {A29EF364-6C19-4731-9299-AE3B06D5A3D2}
	EndGlobalSection
EndGlobal
