
Microsoft Visual Studio Solution File, Format Version 12.00
# Visual Studio Version 17
VisualStudioVersion = 17.4.33213.308
MinimumVisualStudioVersion = 10.0.40219.1
Project("{9A19103F-16F7-4668-BE54-9A1E7A4F7556}") = "Connect.Mobile", "Connect.Mobile\Connect.Mobile.csproj", "{5C03E8E8-7FF5-4F91-94E6-EC39864B1A64}"
EndProject
Project("{FAE04EC0-301F-11D3-BF4B-00C04F79EFBC}") = "Connect.Mobile.Android", "Connect.Mobile.Android\Connect.Mobile.Android.csproj", "{A8ED168E-9A51-49B4-8F27-A55998E65442}"
EndProject
Project("{2150E333-8FDC-42A3-9474-1A3956D46DE8}") = "Infrastructure", "Infrastructure", "{4EC60131-0F00-4AD1-8E54-2D6567E0D82F}"
EndProject
Project("{9A19103F-16F7-4668-BE54-9A1E7A4F7556}") = "Framework.Core", "Framework.Core\Framework.Core.csproj", "{C4014012-0A4F-4D28-A318-F416FACC29F1}"
EndProject
Project("{9A19103F-16F7-4668-BE54-9A1E7A4F7556}") = "Framework.Infrastructure.Services", "Framework.Infrastructure.Services\Framework.Infrastructure.Services.csproj", "{ED530EEB-142F-47C5-8EC6-D36B7D456B33}"
EndProject
Project("{9A19103F-16F7-4668-BE54-9A1E7A4F7556}") = "Framework.Mobile.Services", "Framework.Mobile.Services\Framework.Mobile.Services.csproj", "{3441C8A9-C45D-4125-95E4-C9F6AD21A1AF}"
EndProject
Project("{2150E333-8FDC-42A3-9474-1A3956D46DE8}") = "Core", "Core", "{2E75F1B8-2B26-4C76-BD45-722955A5973B}"
EndProject
Project("{9A19103F-16F7-4668-BE54-9A1E7A4F7556}") = "Connect.Domain", "Connect.Domain\Connect.Domain.csproj", "{122223AD-5483-479F-A7ED-05B51A2A622C}"
EndProject
Project("{9A19103F-16F7-4668-BE54-9A1E7A4F7556}") = "Connect.Application.Services", "Connect.Application.Services\Connect.Application.Services.csproj", "{2D826E70-BC38-4250-A732-8935C0D0083E}"
EndProject
Project("{9A19103F-16F7-4668-BE54-9A1E7A4F7556}") = "Connect.Infrastructure.Services", "Connect.Infrastructure.Services\Connect.Infrastructure.Services.csproj", "{CF52E123-B2C8-4541-9F5F-B4CB1BBF20E6}"
EndProject
Project("{2150E333-8FDC-42A3-9474-1A3956D46DE8}") = "App", "App", "{3311261B-9919-4ACF-BB40-F6C02D1FC496}"
EndProject
Global
	GlobalSection(SolutionConfigurationPlatforms) = preSolution
		Debug|Any CPU = Debug|Any CPU
		Debug|ARM = Debug|ARM
		Debug|iPhone = Debug|iPhone
		Debug|iPhoneSimulator = Debug|iPhoneSimulator
		Debug|x64 = Debug|x64
		Debug|x86 = Debug|x86
		Release|Any CPU = Release|Any CPU
		Release|ARM = Release|ARM
		Release|iPhone = Release|iPhone
		Release|iPhoneSimulator = Release|iPhoneSimulator
		Release|x64 = Release|x64
		Release|x86 = Release|x86
	EndGlobalSection
	GlobalSection(ProjectConfigurationPlatforms) = postSolution
		{5C03E8E8-7FF5-4F91-94E6-EC39864B1A64}.Debug|Any CPU.ActiveCfg = Debug|Any CPU
		{5C03E8E8-7FF5-4F91-94E6-EC39864B1A64}.Debug|Any CPU.Build.0 = Debug|Any CPU
		{5C03E8E8-7FF5-4F91-94E6-EC39864B1A64}.Debug|ARM.ActiveCfg = Debug|Any CPU
		{5C03E8E8-7FF5-4F91-94E6-EC39864B1A64}.Debug|ARM.Build.0 = Debug|Any CPU
		{5C03E8E8-7FF5-4F91-94E6-EC39864B1A64}.Debug|iPhone.ActiveCfg = Debug|Any CPU
		{5C03E8E8-7FF5-4F91-94E6-EC39864B1A64}.Debug|iPhone.Build.0 = Debug|Any CPU
		{5C03E8E8-7FF5-4F91-94E6-EC39864B1A64}.Debug|iPhoneSimulator.ActiveCfg = Debug|Any CPU
		{5C03E8E8-7FF5-4F91-94E6-EC39864B1A64}.Debug|iPhoneSimulator.Build.0 = Debug|Any CPU
		{5C03E8E8-7FF5-4F91-94E6-EC39864B1A64}.Debug|x64.ActiveCfg = Debug|Any CPU
		{5C03E8E8-7FF5-4F91-94E6-EC39864B1A64}.Debug|x64.Build.0 = Debug|Any CPU
		{5C03E8E8-7FF5-4F91-94E6-EC39864B1A64}.Debug|x86.ActiveCfg = Debug|x86
		{5C03E8E8-7FF5-4F91-94E6-EC39864B1A64}.Debug|x86.Build.0 = Debug|x86
		{5C03E8E8-7FF5-4F91-94E6-EC39864B1A64}.Release|Any CPU.ActiveCfg = Release|Any CPU
		{5C03E8E8-7FF5-4F91-94E6-EC39864B1A64}.Release|Any CPU.Build.0 = Release|Any CPU
		{5C03E8E8-7FF5-4F91-94E6-EC39864B1A64}.Release|ARM.ActiveCfg = Release|Any CPU
		{5C03E8E8-7FF5-4F91-94E6-EC39864B1A64}.Release|ARM.Build.0 = Release|Any CPU
		{5C03E8E8-7FF5-4F91-94E6-EC39864B1A64}.Release|iPhone.ActiveCfg = Release|Any CPU
		{5C03E8E8-7FF5-4F91-94E6-EC39864B1A64}.Release|iPhone.Build.0 = Release|Any CPU
		{5C03E8E8-7FF5-4F91-94E6-EC39864B1A64}.Release|iPhoneSimulator.ActiveCfg = Release|Any CPU
		{5C03E8E8-7FF5-4F91-94E6-EC39864B1A64}.Release|iPhoneSimulator.Build.0 = Release|Any CPU
		{5C03E8E8-7FF5-4F91-94E6-EC39864B1A64}.Release|x64.ActiveCfg = Release|Any CPU
		{5C03E8E8-7FF5-4F91-94E6-EC39864B1A64}.Release|x64.Build.0 = Release|Any CPU
		{5C03E8E8-7FF5-4F91-94E6-EC39864B1A64}.Release|x86.ActiveCfg = Release|x86
		{5C03E8E8-7FF5-4F91-94E6-EC39864B1A64}.Release|x86.Build.0 = Release|x86
		{A8ED168E-9A51-49B4-8F27-A55998E65442}.Debug|Any CPU.ActiveCfg = Debug|Any CPU
		{A8ED168E-9A51-49B4-8F27-A55998E65442}.Debug|Any CPU.Build.0 = Debug|Any CPU
		{A8ED168E-9A51-49B4-8F27-A55998E65442}.Debug|Any CPU.Deploy.0 = Debug|Any CPU
		{A8ED168E-9A51-49B4-8F27-A55998E65442}.Debug|ARM.ActiveCfg = Debug|Any CPU
		{A8ED168E-9A51-49B4-8F27-A55998E65442}.Debug|ARM.Build.0 = Debug|Any CPU
		{A8ED168E-9A51-49B4-8F27-A55998E65442}.Debug|ARM.Deploy.0 = Debug|Any CPU
		{A8ED168E-9A51-49B4-8F27-A55998E65442}.Debug|iPhone.ActiveCfg = Debug|Any CPU
		{A8ED168E-9A51-49B4-8F27-A55998E65442}.Debug|iPhone.Build.0 = Debug|Any CPU
		{A8ED168E-9A51-49B4-8F27-A55998E65442}.Debug|iPhone.Deploy.0 = Debug|Any CPU
		{A8ED168E-9A51-49B4-8F27-A55998E65442}.Debug|iPhoneSimulator.ActiveCfg = Debug|Any CPU
		{A8ED168E-9A51-49B4-8F27-A55998E65442}.Debug|iPhoneSimulator.Build.0 = Debug|Any CPU
		{A8ED168E-9A51-49B4-8F27-A55998E65442}.Debug|iPhoneSimulator.Deploy.0 = Debug|Any CPU
		{A8ED168E-9A51-49B4-8F27-A55998E65442}.Debug|x64.ActiveCfg = Debug|Any CPU
		{A8ED168E-9A51-49B4-8F27-A55998E65442}.Debug|x64.Build.0 = Debug|Any CPU
		{A8ED168E-9A51-49B4-8F27-A55998E65442}.Debug|x64.Deploy.0 = Debug|Any CPU
		{A8ED168E-9A51-49B4-8F27-A55998E65442}.Debug|x86.ActiveCfg = Debug|x86
		{A8ED168E-9A51-49B4-8F27-A55998E65442}.Debug|x86.Build.0 = Debug|x86
		{A8ED168E-9A51-49B4-8F27-A55998E65442}.Debug|x86.Deploy.0 = Debug|x86
		{A8ED168E-9A51-49B4-8F27-A55998E65442}.Release|Any CPU.ActiveCfg = Release|Any CPU
		{A8ED168E-9A51-49B4-8F27-A55998E65442}.Release|Any CPU.Build.0 = Release|Any CPU
		{A8ED168E-9A51-49B4-8F27-A55998E65442}.Release|Any CPU.Deploy.0 = Release|Any CPU
		{A8ED168E-9A51-49B4-8F27-A55998E65442}.Release|ARM.ActiveCfg = Release|Any CPU
		{A8ED168E-9A51-49B4-8F27-A55998E65442}.Release|ARM.Build.0 = Release|Any CPU
		{A8ED168E-9A51-49B4-8F27-A55998E65442}.Release|ARM.Deploy.0 = Release|Any CPU
		{A8ED168E-9A51-49B4-8F27-A55998E65442}.Release|iPhone.ActiveCfg = Release|Any CPU
		{A8ED168E-9A51-49B4-8F27-A55998E65442}.Release|iPhone.Build.0 = Release|Any CPU
		{A8ED168E-9A51-49B4-8F27-A55998E65442}.Release|iPhone.Deploy.0 = Release|Any CPU
		{A8ED168E-9A51-49B4-8F27-A55998E65442}.Release|iPhoneSimulator.ActiveCfg = Release|Any CPU
		{A8ED168E-9A51-49B4-8F27-A55998E65442}.Release|iPhoneSimulator.Build.0 = Release|Any CPU
		{A8ED168E-9A51-49B4-8F27-A55998E65442}.Release|iPhoneSimulator.Deploy.0 = Release|Any CPU
		{A8ED168E-9A51-49B4-8F27-A55998E65442}.Release|x64.ActiveCfg = Release|Any CPU
		{A8ED168E-9A51-49B4-8F27-A55998E65442}.Release|x64.Build.0 = Release|Any CPU
		{A8ED168E-9A51-49B4-8F27-A55998E65442}.Release|x64.Deploy.0 = Release|Any CPU
		{A8ED168E-9A51-49B4-8F27-A55998E65442}.Release|x86.ActiveCfg = Release|x86
		{A8ED168E-9A51-49B4-8F27-A55998E65442}.Release|x86.Build.0 = Release|x86
		{A8ED168E-9A51-49B4-8F27-A55998E65442}.Release|x86.Deploy.0 = Release|x86
		{C4014012-0A4F-4D28-A318-F416FACC29F1}.Debug|Any CPU.ActiveCfg = Debug|Any CPU
		{C4014012-0A4F-4D28-A318-F416FACC29F1}.Debug|Any CPU.Build.0 = Debug|Any CPU
		{C4014012-0A4F-4D28-A318-F416FACC29F1}.Debug|ARM.ActiveCfg = Debug|Any CPU
		{C4014012-0A4F-4D28-A318-F416FACC29F1}.Debug|ARM.Build.0 = Debug|Any CPU
		{C4014012-0A4F-4D28-A318-F416FACC29F1}.Debug|iPhone.ActiveCfg = Debug|Any CPU
		{C4014012-0A4F-4D28-A318-F416FACC29F1}.Debug|iPhone.Build.0 = Debug|Any CPU
		{C4014012-0A4F-4D28-A318-F416FACC29F1}.Debug|iPhoneSimulator.ActiveCfg = Debug|Any CPU
		{C4014012-0A4F-4D28-A318-F416FACC29F1}.Debug|iPhoneSimulator.Build.0 = Debug|Any CPU
		{C4014012-0A4F-4D28-A318-F416FACC29F1}.Debug|x64.ActiveCfg = Debug|Any CPU
		{C4014012-0A4F-4D28-A318-F416FACC29F1}.Debug|x64.Build.0 = Debug|Any CPU
		{C4014012-0A4F-4D28-A318-F416FACC29F1}.Debug|x86.ActiveCfg = Debug|x86
		{C4014012-0A4F-4D28-A318-F416FACC29F1}.Debug|x86.Build.0 = Debug|x86
		{C4014012-0A4F-4D28-A318-F416FACC29F1}.Release|Any CPU.ActiveCfg = Release|Any CPU
		{C4014012-0A4F-4D28-A318-F416FACC29F1}.Release|Any CPU.Build.0 = Release|Any CPU
		{C4014012-0A4F-4D28-A318-F416FACC29F1}.Release|ARM.ActiveCfg = Release|Any CPU
		{C4014012-0A4F-4D28-A318-F416FACC29F1}.Release|ARM.Build.0 = Release|Any CPU
		{C4014012-0A4F-4D28-A318-F416FACC29F1}.Release|iPhone.ActiveCfg = Release|Any CPU
		{C4014012-0A4F-4D28-A318-F416FACC29F1}.Release|iPhone.Build.0 = Release|Any CPU
		{C4014012-0A4F-4D28-A318-F416FACC29F1}.Release|iPhoneSimulator.ActiveCfg = Release|Any CPU
		{C4014012-0A4F-4D28-A318-F416FACC29F1}.Release|iPhoneSimulator.Build.0 = Release|Any CPU
		{C4014012-0A4F-4D28-A318-F416FACC29F1}.Release|x64.ActiveCfg = Release|Any CPU
		{C4014012-0A4F-4D28-A318-F416FACC29F1}.Release|x64.Build.0 = Release|Any CPU
		{C4014012-0A4F-4D28-A318-F416FACC29F1}.Release|x86.ActiveCfg = Release|x86
		{C4014012-0A4F-4D28-A318-F416FACC29F1}.Release|x86.Build.0 = Release|x86
		{ED530EEB-142F-47C5-8EC6-D36B7D456B33}.Debug|Any CPU.ActiveCfg = Debug|Any CPU
		{ED530EEB-142F-47C5-8EC6-D36B7D456B33}.Debug|Any CPU.Build.0 = Debug|Any CPU
		{ED530EEB-142F-47C5-8EC6-D36B7D456B33}.Debug|ARM.ActiveCfg = Debug|Any CPU
		{ED530EEB-142F-47C5-8EC6-D36B7D456B33}.Debug|ARM.Build.0 = Debug|Any CPU
		{ED530EEB-142F-47C5-8EC6-D36B7D456B33}.Debug|iPhone.ActiveCfg = Debug|Any CPU
		{ED530EEB-142F-47C5-8EC6-D36B7D456B33}.Debug|iPhone.Build.0 = Debug|Any CPU
		{ED530EEB-142F-47C5-8EC6-D36B7D456B33}.Debug|iPhoneSimulator.ActiveCfg = Debug|Any CPU
		{ED530EEB-142F-47C5-8EC6-D36B7D456B33}.Debug|iPhoneSimulator.Build.0 = Debug|Any CPU
		{ED530EEB-142F-47C5-8EC6-D36B7D456B33}.Debug|x64.ActiveCfg = Debug|Any CPU
		{ED530EEB-142F-47C5-8EC6-D36B7D456B33}.Debug|x64.Build.0 = Debug|Any CPU
		{ED530EEB-142F-47C5-8EC6-D36B7D456B33}.Debug|x86.ActiveCfg = Debug|Any CPU
		{ED530EEB-142F-47C5-8EC6-D36B7D456B33}.Debug|x86.Build.0 = Debug|Any CPU
		{ED530EEB-142F-47C5-8EC6-D36B7D456B33}.Release|Any CPU.ActiveCfg = Release|Any CPU
		{ED530EEB-142F-47C5-8EC6-D36B7D456B33}.Release|Any CPU.Build.0 = Release|Any CPU
		{ED530EEB-142F-47C5-8EC6-D36B7D456B33}.Release|ARM.ActiveCfg = Release|Any CPU
		{ED530EEB-142F-47C5-8EC6-D36B7D456B33}.Release|ARM.Build.0 = Release|Any CPU
		{ED530EEB-142F-47C5-8EC6-D36B7D456B33}.Release|iPhone.ActiveCfg = Release|Any CPU
		{ED530EEB-142F-47C5-8EC6-D36B7D456B33}.Release|iPhone.Build.0 = Release|Any CPU
		{ED530EEB-142F-47C5-8EC6-D36B7D456B33}.Release|iPhoneSimulator.ActiveCfg = Release|Any CPU
		{ED530EEB-142F-47C5-8EC6-D36B7D456B33}.Release|iPhoneSimulator.Build.0 = Release|Any CPU
		{ED530EEB-142F-47C5-8EC6-D36B7D456B33}.Release|x64.ActiveCfg = Release|Any CPU
		{ED530EEB-142F-47C5-8EC6-D36B7D456B33}.Release|x64.Build.0 = Release|Any CPU
		{ED530EEB-142F-47C5-8EC6-D36B7D456B33}.Release|x86.ActiveCfg = Release|Any CPU
		{ED530EEB-142F-47C5-8EC6-D36B7D456B33}.Release|x86.Build.0 = Release|Any CPU
		{3441C8A9-C45D-4125-95E4-C9F6AD21A1AF}.Debug|Any CPU.ActiveCfg = Debug|Any CPU
		{3441C8A9-C45D-4125-95E4-C9F6AD21A1AF}.Debug|Any CPU.Build.0 = Debug|Any CPU
		{3441C8A9-C45D-4125-95E4-C9F6AD21A1AF}.Debug|ARM.ActiveCfg = Debug|Any CPU
		{3441C8A9-C45D-4125-95E4-C9F6AD21A1AF}.Debug|ARM.Build.0 = Debug|Any CPU
		{3441C8A9-C45D-4125-95E4-C9F6AD21A1AF}.Debug|iPhone.ActiveCfg = Debug|Any CPU
		{3441C8A9-C45D-4125-95E4-C9F6AD21A1AF}.Debug|iPhone.Build.0 = Debug|Any CPU
		{3441C8A9-C45D-4125-95E4-C9F6AD21A1AF}.Debug|iPhoneSimulator.ActiveCfg = Debug|Any CPU
		{3441C8A9-C45D-4125-95E4-C9F6AD21A1AF}.Debug|iPhoneSimulator.Build.0 = Debug|Any CPU
		{3441C8A9-C45D-4125-95E4-C9F6AD21A1AF}.Debug|x64.ActiveCfg = Debug|Any CPU
		{3441C8A9-C45D-4125-95E4-C9F6AD21A1AF}.Debug|x64.Build.0 = Debug|Any CPU
		{3441C8A9-C45D-4125-95E4-C9F6AD21A1AF}.Debug|x86.ActiveCfg = Debug|Any CPU
		{3441C8A9-C45D-4125-95E4-C9F6AD21A1AF}.Debug|x86.Build.0 = Debug|Any CPU
		{3441C8A9-C45D-4125-95E4-C9F6AD21A1AF}.Release|Any CPU.ActiveCfg = Release|Any CPU
		{3441C8A9-C45D-4125-95E4-C9F6AD21A1AF}.Release|Any CPU.Build.0 = Release|Any CPU
		{3441C8A9-C45D-4125-95E4-C9F6AD21A1AF}.Release|ARM.ActiveCfg = Release|Any CPU
		{3441C8A9-C45D-4125-95E4-C9F6AD21A1AF}.Release|ARM.Build.0 = Release|Any CPU
		{3441C8A9-C45D-4125-95E4-C9F6AD21A1AF}.Release|iPhone.ActiveCfg = Release|Any CPU
		{3441C8A9-C45D-4125-95E4-C9F6AD21A1AF}.Release|iPhone.Build.0 = Release|Any CPU
		{3441C8A9-C45D-4125-95E4-C9F6AD21A1AF}.Release|iPhoneSimulator.ActiveCfg = Release|Any CPU
		{3441C8A9-C45D-4125-95E4-C9F6AD21A1AF}.Release|iPhoneSimulator.Build.0 = Release|Any CPU
		{3441C8A9-C45D-4125-95E4-C9F6AD21A1AF}.Release|x64.ActiveCfg = Release|Any CPU
		{3441C8A9-C45D-4125-95E4-C9F6AD21A1AF}.Release|x64.Build.0 = Release|Any CPU
		{3441C8A9-C45D-4125-95E4-C9F6AD21A1AF}.Release|x86.ActiveCfg = Release|Any CPU
		{3441C8A9-C45D-4125-95E4-C9F6AD21A1AF}.Release|x86.Build.0 = Release|Any CPU
		{122223AD-5483-479F-A7ED-05B51A2A622C}.Debug|Any CPU.ActiveCfg = Debug|Any CPU
		{122223AD-5483-479F-A7ED-05B51A2A622C}.Debug|Any CPU.Build.0 = Debug|Any CPU
		{122223AD-5483-479F-A7ED-05B51A2A622C}.Debug|ARM.ActiveCfg = Debug|Any CPU
		{122223AD-5483-479F-A7ED-05B51A2A622C}.Debug|ARM.Build.0 = Debug|Any CPU
		{122223AD-5483-479F-A7ED-05B51A2A622C}.Debug|iPhone.ActiveCfg = Debug|Any CPU
		{122223AD-5483-479F-A7ED-05B51A2A622C}.Debug|iPhone.Build.0 = Debug|Any CPU
		{122223AD-5483-479F-A7ED-05B51A2A622C}.Debug|iPhoneSimulator.ActiveCfg = Debug|Any CPU
		{122223AD-5483-479F-A7ED-05B51A2A622C}.Debug|iPhoneSimulator.Build.0 = Debug|Any CPU
		{122223AD-5483-479F-A7ED-05B51A2A622C}.Debug|x64.ActiveCfg = Debug|Any CPU
		{122223AD-5483-479F-A7ED-05B51A2A622C}.Debug|x64.Build.0 = Debug|Any CPU
		{122223AD-5483-479F-A7ED-05B51A2A622C}.Debug|x86.ActiveCfg = Debug|x86
		{122223AD-5483-479F-A7ED-05B51A2A622C}.Debug|x86.Build.0 = Debug|x86
		{122223AD-5483-479F-A7ED-05B51A2A622C}.Release|Any CPU.ActiveCfg = Release|Any CPU
		{122223AD-5483-479F-A7ED-05B51A2A622C}.Release|Any CPU.Build.0 = Release|Any CPU
		{122223AD-5483-479F-A7ED-05B51A2A622C}.Release|ARM.ActiveCfg = Release|Any CPU
		{122223AD-5483-479F-A7ED-05B51A2A622C}.Release|ARM.Build.0 = Release|Any CPU
		{122223AD-5483-479F-A7ED-05B51A2A622C}.Release|iPhone.ActiveCfg = Release|Any CPU
		{122223AD-5483-479F-A7ED-05B51A2A622C}.Release|iPhone.Build.0 = Release|Any CPU
		{122223AD-5483-479F-A7ED-05B51A2A622C}.Release|iPhoneSimulator.ActiveCfg = Release|Any CPU
		{122223AD-5483-479F-A7ED-05B51A2A622C}.Release|iPhoneSimulator.Build.0 = Release|Any CPU
		{122223AD-5483-479F-A7ED-05B51A2A622C}.Release|x64.ActiveCfg = Release|Any CPU
		{122223AD-5483-479F-A7ED-05B51A2A622C}.Release|x64.Build.0 = Release|Any CPU
		{122223AD-5483-479F-A7ED-05B51A2A622C}.Release|x86.ActiveCfg = Release|x86
		{122223AD-5483-479F-A7ED-05B51A2A622C}.Release|x86.Build.0 = Release|x86
		{2D826E70-BC38-4250-A732-8935C0D0083E}.Debug|Any CPU.ActiveCfg = Debug|Any CPU
		{2D826E70-BC38-4250-A732-8935C0D0083E}.Debug|Any CPU.Build.0 = Debug|Any CPU
		{2D826E70-BC38-4250-A732-8935C0D0083E}.Debug|ARM.ActiveCfg = Debug|Any CPU
		{2D826E70-BC38-4250-A732-8935C0D0083E}.Debug|ARM.Build.0 = Debug|Any CPU
		{2D826E70-BC38-4250-A732-8935C0D0083E}.Debug|iPhone.ActiveCfg = Debug|Any CPU
		{2D826E70-BC38-4250-A732-8935C0D0083E}.Debug|iPhone.Build.0 = Debug|Any CPU
		{2D826E70-BC38-4250-A732-8935C0D0083E}.Debug|iPhoneSimulator.ActiveCfg = Debug|Any CPU
		{2D826E70-BC38-4250-A732-8935C0D0083E}.Debug|iPhoneSimulator.Build.0 = Debug|Any CPU
		{2D826E70-BC38-4250-A732-8935C0D0083E}.Debug|x64.ActiveCfg = Debug|Any CPU
		{2D826E70-BC38-4250-A732-8935C0D0083E}.Debug|x64.Build.0 = Debug|Any CPU
		{2D826E70-BC38-4250-A732-8935C0D0083E}.Debug|x86.ActiveCfg = Debug|Any CPU
		{2D826E70-BC38-4250-A732-8935C0D0083E}.Debug|x86.Build.0 = Debug|Any CPU
		{2D826E70-BC38-4250-A732-8935C0D0083E}.Release|Any CPU.ActiveCfg = Release|Any CPU
		{2D826E70-BC38-4250-A732-8935C0D0083E}.Release|Any CPU.Build.0 = Release|Any CPU
		{2D826E70-BC38-4250-A732-8935C0D0083E}.Release|ARM.ActiveCfg = Release|Any CPU
		{2D826E70-BC38-4250-A732-8935C0D0083E}.Release|ARM.Build.0 = Release|Any CPU
		{2D826E70-BC38-4250-A732-8935C0D0083E}.Release|iPhone.ActiveCfg = Release|Any CPU
		{2D826E70-BC38-4250-A732-8935C0D0083E}.Release|iPhone.Build.0 = Release|Any CPU
		{2D826E70-BC38-4250-A732-8935C0D0083E}.Release|iPhoneSimulator.ActiveCfg = Release|Any CPU
		{2D826E70-BC38-4250-A732-8935C0D0083E}.Release|iPhoneSimulator.Build.0 = Release|Any CPU
		{2D826E70-BC38-4250-A732-8935C0D0083E}.Release|x64.ActiveCfg = Release|Any CPU
		{2D826E70-BC38-4250-A732-8935C0D0083E}.Release|x64.Build.0 = Release|Any CPU
		{2D826E70-BC38-4250-A732-8935C0D0083E}.Release|x86.ActiveCfg = Release|Any CPU
		{2D826E70-BC38-4250-A732-8935C0D0083E}.Release|x86.Build.0 = Release|Any CPU
		{CF52E123-B2C8-4541-9F5F-B4CB1BBF20E6}.Debug|Any CPU.ActiveCfg = Debug|Any CPU
		{CF52E123-B2C8-4541-9F5F-B4CB1BBF20E6}.Debug|Any CPU.Build.0 = Debug|Any CPU
		{CF52E123-B2C8-4541-9F5F-B4CB1BBF20E6}.Debug|ARM.ActiveCfg = Debug|Any CPU
		{CF52E123-B2C8-4541-9F5F-B4CB1BBF20E6}.Debug|ARM.Build.0 = Debug|Any CPU
		{CF52E123-B2C8-4541-9F5F-B4CB1BBF20E6}.Debug|iPhone.ActiveCfg = Debug|Any CPU
		{CF52E123-B2C8-4541-9F5F-B4CB1BBF20E6}.Debug|iPhone.Build.0 = Debug|Any CPU
		{CF52E123-B2C8-4541-9F5F-B4CB1BBF20E6}.Debug|iPhoneSimulator.ActiveCfg = Debug|Any CPU
		{CF52E123-B2C8-4541-9F5F-B4CB1BBF20E6}.Debug|iPhoneSimulator.Build.0 = Debug|Any CPU
		{CF52E123-B2C8-4541-9F5F-B4CB1BBF20E6}.Debug|x64.ActiveCfg = Debug|Any CPU
		{CF52E123-B2C8-4541-9F5F-B4CB1BBF20E6}.Debug|x64.Build.0 = Debug|Any CPU
		{CF52E123-B2C8-4541-9F5F-B4CB1BBF20E6}.Debug|x86.ActiveCfg = Debug|x86
		{CF52E123-B2C8-4541-9F5F-B4CB1BBF20E6}.Debug|x86.Build.0 = Debug|x86
		{CF52E123-B2C8-4541-9F5F-B4CB1BBF20E6}.Release|Any CPU.ActiveCfg = Release|Any CPU
		{CF52E123-B2C8-4541-9F5F-B4CB1BBF20E6}.Release|Any CPU.Build.0 = Release|Any CPU
		{CF52E123-B2C8-4541-9F5F-B4CB1BBF20E6}.Release|ARM.ActiveCfg = Release|Any CPU
		{CF52E123-B2C8-4541-9F5F-B4CB1BBF20E6}.Release|ARM.Build.0 = Release|Any CPU
		{CF52E123-B2C8-4541-9F5F-B4CB1BBF20E6}.Release|iPhone.ActiveCfg = Release|Any CPU
		{CF52E123-B2C8-4541-9F5F-B4CB1BBF20E6}.Release|iPhone.Build.0 = Release|Any CPU
		{CF52E123-B2C8-4541-9F5F-B4CB1BBF20E6}.Release|iPhoneSimulator.ActiveCfg = Release|Any CPU
		{CF52E123-B2C8-4541-9F5F-B4CB1BBF20E6}.Release|iPhoneSimulator.Build.0 = Release|Any CPU
		{CF52E123-B2C8-4541-9F5F-B4CB1BBF20E6}.Release|x64.ActiveCfg = Release|Any CPU
		{CF52E123-B2C8-4541-9F5F-B4CB1BBF20E6}.Release|x64.Build.0 = Release|Any CPU
		{CF52E123-B2C8-4541-9F5F-B4CB1BBF20E6}.Release|x86.ActiveCfg = Release|x86
		{CF52E123-B2C8-4541-9F5F-B4CB1BBF20E6}.Release|x86.Build.0 = Release|x86
	EndGlobalSection
	GlobalSection(SolutionProperties) = preSolution
		HideSolutionNode = FALSE
	EndGlobalSection
	GlobalSection(NestedProjects) = preSolution
		{5C03E8E8-7FF5-4F91-94E6-EC39864B1A64} = {3311261B-9919-4ACF-BB40-F6C02D1FC496}
		{A8ED168E-9A51-49B4-8F27-A55998E65442} = {3311261B-9919-4ACF-BB40-F6C02D1FC496}
		{C4014012-0A4F-4D28-A318-F416FACC29F1} = {4EC60131-0F00-4AD1-8E54-2D6567E0D82F}
		{ED530EEB-142F-47C5-8EC6-D36B7D456B33} = {4EC60131-0F00-4AD1-8E54-2D6567E0D82F}
		{3441C8A9-C45D-4125-95E4-C9F6AD21A1AF} = {4EC60131-0F00-4AD1-8E54-2D6567E0D82F}
		{122223AD-5483-479F-A7ED-05B51A2A622C} = {2E75F1B8-2B26-4C76-BD45-722955A5973B}
		{2D826E70-BC38-4250-A732-8935C0D0083E} = {2E75F1B8-2B26-4C76-BD45-722955A5973B}
		{CF52E123-B2C8-4541-9F5F-B4CB1BBF20E6} = {2E75F1B8-2B26-4C76-BD45-722955A5973B}
	EndGlobalSection
	GlobalSection(ExtensibilityGlobals) = postSolution
		SolutionGuid = {6A8F4A1C-5E09-4BD1-A914-0974E94327E8}
	EndGlobalSection
	GlobalSection(MonoDevelopProperties) = preSolution
		Policies = $0
		$0.DotNetNamingPolicy = $1
		$1.DirectoryNamespaceAssociation = PrefixedHierarchical
		$0.TextStylePolicy = $13
		$2.inheritsSet = null
		$2.scope = application/xaml+xml
		$0.XmlFormattingPolicy = $14
		$3.inheritsSet = null
		$3.scope = application/xaml+xml
		$4.inheritsSet = null
		$4.scope = application/xml
		$5.scope = application/xml
		$6.FileWidth = 80
		$6.TabsToSpaces = True
		$6.scope = text/plain
		$7.inheritsSet = null
		$7.scope = text/x-csharp
		$0.CSharpFormattingPolicy = $8
		$8.scope = text/x-csharp
		$9.inheritsSet = null
		$9.scope = text/microsoft-resx
		$10.inheritsSet = null
		$10.scope = text/microsoft-resx
		$11.inheritsSet = null
		$11.scope = application/config+xml
		$12.inheritsSet = null
		$12.scope = application/config+xml
		$13.inheritsSet = null
		$13.scope = application/android+xml
		$14.inheritsSet = null
		$14.scope = application/android+xml
		$0.StandardHeader = $15
	EndGlobalSection
EndGlobal
