
Microsoft Visual Studio Solution File, Format Version 12.00
# Visual Studio Version 17
VisualStudioVersion = 17.12.35707.178
MinimumVisualStudioVersion = 10.0.40219.1
Project("{FAE04EC0-301F-11D3-BF4B-00C04F79EFBC}") = "ZaptoCompany.WebAPI", "ZaptoCompany.WebAPI\ZaptoCompany.WebAPI.csproj", "{B73768DB-9CA5-4F04-98F0-3642EC6E5022}"
EndProject
Project("{FAE04EC0-301F-11D3-BF4B-00C04F79EFBC}") = "ZaptoCompany.Domain", "ZaptoCompany.Domain\ZaptoCompany.Domain.csproj", "{0F4A6852-9E5F-4AD6-96E1-268304899EF9}"
EndProject
Project("{FAE04EC0-301F-11D3-BF4B-00C04F79EFBC}") = "ZaptoCompany.WebAPI.Services", "ZaptoCompany.WebAPI.Services\ZaptoCompany.WebAPI.Services.csproj", "{EE9CEE09-C901-4830-B83E-8D0AEF0762DB}"
EndProject
Project("{FAE04EC0-301F-11D3-BF4B-00C04F79EFBC}") = "ZaptoCompany.Data.Repositories", "ZaptoCompany.Data.Repositories\ZaptoCompany.Data.Repositories.csproj", "{A061DA38-C88B-4C0F-9407-9C6FC4AF4919}"
EndProject
Project("{FAE04EC0-301F-11D3-BF4B-00C04F79EFBC}") = "ZaptoCompany.Data.Services", "ZaptoCompany.Data.Services\ZaptoCompany.Data.Services.csproj", "{C326FB18-0989-46DF-8601-1F390CF47A30}"
EndProject
Project("{FAE04EC0-301F-11D3-BF4B-00C04F79EFBC}") = "Zapto.Data.Supervisors", "Zapto.Data.Supervisors\Zapto.Data.Supervisors.csproj", "{88B29539-2B86-470D-A595-3981AE4C0196}"
EndProject
Global
	GlobalSection(SolutionConfigurationPlatforms) = preSolution
		Debug|Any CPU = Debug|Any CPU
		Release|Any CPU = Release|Any CPU
	EndGlobalSection
	GlobalSection(ProjectConfigurationPlatforms) = postSolution
		{B73768DB-9CA5-4F04-98F0-3642EC6E5022}.Debug|Any CPU.ActiveCfg = Debug|Any CPU
		{B73768DB-9CA5-4F04-98F0-3642EC6E5022}.Debug|Any CPU.Build.0 = Debug|Any CPU
		{B73768DB-9CA5-4F04-98F0-3642EC6E5022}.Release|Any CPU.ActiveCfg = Release|Any CPU
		{B73768DB-9CA5-4F04-98F0-3642EC6E5022}.Release|Any CPU.Build.0 = Release|Any CPU
		{0F4A6852-9E5F-4AD6-96E1-268304899EF9}.Debug|Any CPU.ActiveCfg = Debug|Any CPU
		{0F4A6852-9E5F-4AD6-96E1-268304899EF9}.Debug|Any CPU.Build.0 = Debug|Any CPU
		{0F4A6852-9E5F-4AD6-96E1-268304899EF9}.Release|Any CPU.ActiveCfg = Release|Any CPU
		{0F4A6852-9E5F-4AD6-96E1-268304899EF9}.Release|Any CPU.Build.0 = Release|Any CPU
		{EE9CEE09-C901-4830-B83E-8D0AEF0762DB}.Debug|Any CPU.ActiveCfg = Debug|Any CPU
		{EE9CEE09-C901-4830-B83E-8D0AEF0762DB}.Debug|Any CPU.Build.0 = Debug|Any CPU
		{EE9CEE09-C901-4830-B83E-8D0AEF0762DB}.Release|Any CPU.ActiveCfg = Release|Any CPU
		{EE9CEE09-C901-4830-B83E-8D0AEF0762DB}.Release|Any CPU.Build.0 = Release|Any CPU
		{A061DA38-C88B-4C0F-9407-9C6FC4AF4919}.Debug|Any CPU.ActiveCfg = Debug|Any CPU
		{A061DA38-C88B-4C0F-9407-9C6FC4AF4919}.Debug|Any CPU.Build.0 = Debug|Any CPU
		{A061DA38-C88B-4C0F-9407-9C6FC4AF4919}.Release|Any CPU.ActiveCfg = Release|Any CPU
		{A061DA38-C88B-4C0F-9407-9C6FC4AF4919}.Release|Any CPU.Build.0 = Release|Any CPU
		{C326FB18-0989-46DF-8601-1F390CF47A30}.Debug|Any CPU.ActiveCfg = Debug|Any CPU
		{C326FB18-0989-46DF-8601-1F390CF47A30}.Debug|Any CPU.Build.0 = Debug|Any CPU
		{C326FB18-0989-46DF-8601-1F390CF47A30}.Release|Any CPU.ActiveCfg = Release|Any CPU
		{C326FB18-0989-46DF-8601-1F390CF47A30}.Release|Any CPU.Build.0 = Release|Any CPU
		{88B29539-2B86-470D-A595-3981AE4C0196}.Debug|Any CPU.ActiveCfg = Debug|Any CPU
		{88B29539-2B86-470D-A595-3981AE4C0196}.Debug|Any CPU.Build.0 = Debug|Any CPU
		{88B29539-2B86-470D-A595-3981AE4C0196}.Release|Any CPU.ActiveCfg = Release|Any CPU
		{88B29539-2B86-470D-A595-3981AE4C0196}.Release|Any CPU.Build.0 = Release|Any CPU
	EndGlobalSection
	GlobalSection(SolutionProperties) = preSolution
		HideSolutionNode = FALSE
	EndGlobalSection
EndGlobal
