
Microsoft Visual Studio Solution File, Format Version 12.00
# Visual Studio Version 17
VisualStudioVersion = 17.7.34202.233
MinimumVisualStudioVersion = 10.0.40219.1
Project("{9A19103F-16F7-4668-BE54-9A1E7A4F7556}") = "Zapto.Web.Dashboard", "Zapto.Web.Dashboard\Zapto.Web.Dashboard.csproj", "{C492FE36-B6C6-4128-82E2-2393D2CFC539}"
EndProject
Project("{9A19103F-16F7-4668-BE54-9A1E7A4F7556}") = "Zapto.Component.Services", "Zapto.Component.Services\Zapto.Component.Services.csproj", "{DB2E9939-D808-4BAC-AAEF-9F9FC72395A2}"
EndProject
Project("{9A19103F-16F7-4668-BE54-9A1E7A4F7556}") = "Zapto.Component.Home", "Zapto.Component.Home\Zapto.Component.Home.csproj", "{4BBFA163-3F23-4D17-A989-091C3A7E4CC4}"
EndProject
Project("{9A19103F-16F7-4668-BE54-9A1E7A4F7556}") = "Zapto.Component.Dashboard", "Zapto.Component.Dashboard\Zapto.Component.Dashboard.csproj", "{F94E99FE-78F6-4460-98ED-699282346FE1}"
EndProject
Project("{9A19103F-16F7-4668-BE54-9A1E7A4F7556}") = "Zapto.Component.Common", "Zapto.Component.Common\Zapto.Component.Common.csproj", "{9FCF72F5-FE76-4C0D-967C-9204C7BAB097}"
EndProject
Project("{9A19103F-16F7-4668-BE54-9A1E7A4F7556}") = "Zapto.Component.Charts", "Zapto.Component.Charts\Zapto.Component.Charts.csproj", "{3D17C823-3D92-49BE-A307-077F56CCDE8C}"
EndProject
Project("{9A19103F-16F7-4668-BE54-9A1E7A4F7556}") = "Zapto.Component.AirPollution", "Zapto.Component.AirPollution\Zapto.Component.AirPollution.csproj", "{8F481011-9C1B-4331-9E53-1CE597F92D2C}"
EndProject
Project("{9A19103F-16F7-4668-BE54-9A1E7A4F7556}") = "WeatherZapto.Infrastructure.Services", "WeatherZapto.Infrastructure.Services\WeatherZapto.Infrastructure.Services.csproj", "{EE502A50-3C43-4388-A35F-BB34377BFA77}"
EndProject
Project("{9A19103F-16F7-4668-BE54-9A1E7A4F7556}") = "WeatherZapto.Domain", "WeatherZapto.Domain\WeatherZapto.Domain.csproj", "{692BE4BE-30B1-47B6-8771-6DD6A5F285A3}"
EndProject
Project("{9A19103F-16F7-4668-BE54-9A1E7A4F7556}") = "WeatherZapto.Application.Services", "WeatherZapto.Application.Services\WeatherZapto.Application.Services.csproj", "{1B998683-3305-463E-A53B-AB630C5C37DE}"
EndProject
Project("{9A19103F-16F7-4668-BE54-9A1E7A4F7556}") = "Framework.Infrastructure.Services", "Framework.Infrastructure.Services\Framework.Infrastructure.Services.csproj", "{4F84C5C2-B549-4F4D-AD7D-6893B3D6E1D1}"
EndProject
Project("{9A19103F-16F7-4668-BE54-9A1E7A4F7556}") = "Framework.Core", "Framework.Core\Framework.Core.csproj", "{39CCF813-E349-4AC0-87D8-06C0C78AE441}"
EndProject
Project("{9A19103F-16F7-4668-BE54-9A1E7A4F7556}") = "Connect.Infrastructure.Services", "Connect.Infrastructure.Services\Connect.Infrastructure.Services.csproj", "{B093051C-04E1-4E64-B051-F0AF0E321682}"
EndProject
Project("{9A19103F-16F7-4668-BE54-9A1E7A4F7556}") = "Connect.Domain", "Connect.Domain\Connect.Domain.csproj", "{1AF4C6A2-0F19-4A0F-AB56-E34B5966967C}"
EndProject
Project("{9A19103F-16F7-4668-BE54-9A1E7A4F7556}") = "Connect.Application.Services", "Connect.Application.Services\Connect.Application.Services.csproj", "{543C4A70-A68A-48D0-AA95-E8D280C733CF}"
EndProject
Project("{9A19103F-16F7-4668-BE54-9A1E7A4F7556}") = "AirZapto.Infrastructure.Services", "AirZapto.Infrastructure.Services\AirZapto.Infrastructure.Services.csproj", "{6AB023A9-5DF0-457C-892E-4847217671A7}"
EndProject
Project("{9A19103F-16F7-4668-BE54-9A1E7A4F7556}") = "AirZapto.Domain", "AirZapto.Domain\AirZapto.Domain.csproj", "{3542083C-82E9-4508-ADBC-7198D5D80E75}"
EndProject
Project("{9A19103F-16F7-4668-BE54-9A1E7A4F7556}") = "Zapto.Component.Healthcheck", "Zapto.Component.HealthCheck\Zapto.Component.Healthcheck.csproj", "{3BE7DE0C-EC93-4B9B-9BF1-2787F249E0B8}"
EndProject
Project("{2150E333-8FDC-42A3-9474-1A3956D46DE8}") = "Core", "Core", "{2474B27A-D9C4-4947-936C-4091FE693B1A}"
EndProject
Project("{2150E333-8FDC-42A3-9474-1A3956D46DE8}") = "Connect", "Connect", "{219F69A0-7E89-417F-82B9-CE4ACE317E7A}"
EndProject
Project("{2150E333-8FDC-42A3-9474-1A3956D46DE8}") = "AirZapto", "AirZapto", "{51668532-0825-4633-AAAE-4C7336B2B385}"
EndProject
Project("{2150E333-8FDC-42A3-9474-1A3956D46DE8}") = "WeatherZapto", "WeatherZapto", "{42DB5172-CEF5-42C9-9568-79468147A908}"
EndProject
Project("{2150E333-8FDC-42A3-9474-1A3956D46DE8}") = "Infrastructure", "Infrastructure", "{7F3F76D4-2EA1-49BB-9E4D-3DEB204B1323}"
EndProject
Project("{2150E333-8FDC-42A3-9474-1A3956D46DE8}") = "WebApp", "WebApp", "{606B346C-EB68-4756-9015-CB96754727A0}"
EndProject
Project("{9A19103F-16F7-4668-BE54-9A1E7A4F7556}") = "AirZapto.Application.Services", "AirZapto.Application.Services\AirZapto.Application.Services.csproj", "{74148B5C-8B00-4246-A196-0B65F69A85FB}"
EndProject
Project("{2150E333-8FDC-42A3-9474-1A3956D46DE8}") = "Test", "Test", "{D6CCF92D-E9CF-44D6-B992-9AFADF098D07}"
EndProject
Project("{9A19103F-16F7-4668-BE54-9A1E7A4F7556}") = "Zapto.Web.Test", "Zapto.Web.Test\Zapto.Web.Test.csproj", "{E519B735-10CA-4CE6-ABCC-7FEACA297A28}"
EndProject
Project("{9A19103F-16F7-4668-BE54-9A1E7A4F7556}") = "WeatherZapto.Data.Services", "WeatherZapto.Data.Services\WeatherZapto.Data.Services.csproj", "{07B5650D-269F-42AE-ACB9-4449D75EFCCB}"
EndProject
Project("{9A19103F-16F7-4668-BE54-9A1E7A4F7556}") = "Framework.Data.Services", "Framework.Data.Services\Framework.Data.Services.csproj", "{2BA40BC2-2FE6-422A-89EB-B1882407816A}"
EndProject
Global
	GlobalSection(SolutionConfigurationPlatforms) = preSolution
		Debug|Any CPU = Debug|Any CPU
		Debug|x86 = Debug|x86
		Release|Any CPU = Release|Any CPU
		Release|x86 = Release|x86
	EndGlobalSection
	GlobalSection(ProjectConfigurationPlatforms) = postSolution
		{C492FE36-B6C6-4128-82E2-2393D2CFC539}.Debug|Any CPU.ActiveCfg = Debug|Any CPU
		{C492FE36-B6C6-4128-82E2-2393D2CFC539}.Debug|Any CPU.Build.0 = Debug|Any CPU
		{C492FE36-B6C6-4128-82E2-2393D2CFC539}.Debug|x86.ActiveCfg = Debug|Any CPU
		{C492FE36-B6C6-4128-82E2-2393D2CFC539}.Debug|x86.Build.0 = Debug|Any CPU
		{C492FE36-B6C6-4128-82E2-2393D2CFC539}.Release|Any CPU.ActiveCfg = Release|Any CPU
		{C492FE36-B6C6-4128-82E2-2393D2CFC539}.Release|Any CPU.Build.0 = Release|Any CPU
		{C492FE36-B6C6-4128-82E2-2393D2CFC539}.Release|x86.ActiveCfg = Release|Any CPU
		{C492FE36-B6C6-4128-82E2-2393D2CFC539}.Release|x86.Build.0 = Release|Any CPU
		{DB2E9939-D808-4BAC-AAEF-9F9FC72395A2}.Debug|Any CPU.ActiveCfg = Debug|Any CPU
		{DB2E9939-D808-4BAC-AAEF-9F9FC72395A2}.Debug|Any CPU.Build.0 = Debug|Any CPU
		{DB2E9939-D808-4BAC-AAEF-9F9FC72395A2}.Debug|x86.ActiveCfg = Debug|Any CPU
		{DB2E9939-D808-4BAC-AAEF-9F9FC72395A2}.Debug|x86.Build.0 = Debug|Any CPU
		{DB2E9939-D808-4BAC-AAEF-9F9FC72395A2}.Release|Any CPU.ActiveCfg = Release|Any CPU
		{DB2E9939-D808-4BAC-AAEF-9F9FC72395A2}.Release|Any CPU.Build.0 = Release|Any CPU
		{DB2E9939-D808-4BAC-AAEF-9F9FC72395A2}.Release|x86.ActiveCfg = Release|Any CPU
		{DB2E9939-D808-4BAC-AAEF-9F9FC72395A2}.Release|x86.Build.0 = Release|Any CPU
		{4BBFA163-3F23-4D17-A989-091C3A7E4CC4}.Debug|Any CPU.ActiveCfg = Debug|Any CPU
		{4BBFA163-3F23-4D17-A989-091C3A7E4CC4}.Debug|Any CPU.Build.0 = Debug|Any CPU
		{4BBFA163-3F23-4D17-A989-091C3A7E4CC4}.Debug|x86.ActiveCfg = Debug|Any CPU
		{4BBFA163-3F23-4D17-A989-091C3A7E4CC4}.Debug|x86.Build.0 = Debug|Any CPU
		{4BBFA163-3F23-4D17-A989-091C3A7E4CC4}.Release|Any CPU.ActiveCfg = Release|Any CPU
		{4BBFA163-3F23-4D17-A989-091C3A7E4CC4}.Release|Any CPU.Build.0 = Release|Any CPU
		{4BBFA163-3F23-4D17-A989-091C3A7E4CC4}.Release|x86.ActiveCfg = Release|Any CPU
		{4BBFA163-3F23-4D17-A989-091C3A7E4CC4}.Release|x86.Build.0 = Release|Any CPU
		{F94E99FE-78F6-4460-98ED-699282346FE1}.Debug|Any CPU.ActiveCfg = Debug|Any CPU
		{F94E99FE-78F6-4460-98ED-699282346FE1}.Debug|Any CPU.Build.0 = Debug|Any CPU
		{F94E99FE-78F6-4460-98ED-699282346FE1}.Debug|x86.ActiveCfg = Debug|Any CPU
		{F94E99FE-78F6-4460-98ED-699282346FE1}.Debug|x86.Build.0 = Debug|Any CPU
		{F94E99FE-78F6-4460-98ED-699282346FE1}.Release|Any CPU.ActiveCfg = Release|Any CPU
		{F94E99FE-78F6-4460-98ED-699282346FE1}.Release|Any CPU.Build.0 = Release|Any CPU
		{F94E99FE-78F6-4460-98ED-699282346FE1}.Release|x86.ActiveCfg = Release|Any CPU
		{F94E99FE-78F6-4460-98ED-699282346FE1}.Release|x86.Build.0 = Release|Any CPU
		{9FCF72F5-FE76-4C0D-967C-9204C7BAB097}.Debug|Any CPU.ActiveCfg = Debug|Any CPU
		{9FCF72F5-FE76-4C0D-967C-9204C7BAB097}.Debug|Any CPU.Build.0 = Debug|Any CPU
		{9FCF72F5-FE76-4C0D-967C-9204C7BAB097}.Debug|x86.ActiveCfg = Debug|Any CPU
		{9FCF72F5-FE76-4C0D-967C-9204C7BAB097}.Debug|x86.Build.0 = Debug|Any CPU
		{9FCF72F5-FE76-4C0D-967C-9204C7BAB097}.Release|Any CPU.ActiveCfg = Release|Any CPU
		{9FCF72F5-FE76-4C0D-967C-9204C7BAB097}.Release|Any CPU.Build.0 = Release|Any CPU
		{9FCF72F5-FE76-4C0D-967C-9204C7BAB097}.Release|x86.ActiveCfg = Release|Any CPU
		{9FCF72F5-FE76-4C0D-967C-9204C7BAB097}.Release|x86.Build.0 = Release|Any CPU
		{3D17C823-3D92-49BE-A307-077F56CCDE8C}.Debug|Any CPU.ActiveCfg = Debug|Any CPU
		{3D17C823-3D92-49BE-A307-077F56CCDE8C}.Debug|Any CPU.Build.0 = Debug|Any CPU
		{3D17C823-3D92-49BE-A307-077F56CCDE8C}.Debug|x86.ActiveCfg = Debug|Any CPU
		{3D17C823-3D92-49BE-A307-077F56CCDE8C}.Debug|x86.Build.0 = Debug|Any CPU
		{3D17C823-3D92-49BE-A307-077F56CCDE8C}.Release|Any CPU.ActiveCfg = Release|Any CPU
		{3D17C823-3D92-49BE-A307-077F56CCDE8C}.Release|Any CPU.Build.0 = Release|Any CPU
		{3D17C823-3D92-49BE-A307-077F56CCDE8C}.Release|x86.ActiveCfg = Release|Any CPU
		{3D17C823-3D92-49BE-A307-077F56CCDE8C}.Release|x86.Build.0 = Release|Any CPU
		{8F481011-9C1B-4331-9E53-1CE597F92D2C}.Debug|Any CPU.ActiveCfg = Debug|Any CPU
		{8F481011-9C1B-4331-9E53-1CE597F92D2C}.Debug|Any CPU.Build.0 = Debug|Any CPU
		{8F481011-9C1B-4331-9E53-1CE597F92D2C}.Debug|x86.ActiveCfg = Debug|Any CPU
		{8F481011-9C1B-4331-9E53-1CE597F92D2C}.Debug|x86.Build.0 = Debug|Any CPU
		{8F481011-9C1B-4331-9E53-1CE597F92D2C}.Release|Any CPU.ActiveCfg = Release|Any CPU
		{8F481011-9C1B-4331-9E53-1CE597F92D2C}.Release|Any CPU.Build.0 = Release|Any CPU
		{8F481011-9C1B-4331-9E53-1CE597F92D2C}.Release|x86.ActiveCfg = Release|Any CPU
		{8F481011-9C1B-4331-9E53-1CE597F92D2C}.Release|x86.Build.0 = Release|Any CPU
		{EE502A50-3C43-4388-A35F-BB34377BFA77}.Debug|Any CPU.ActiveCfg = Debug|Any CPU
		{EE502A50-3C43-4388-A35F-BB34377BFA77}.Debug|Any CPU.Build.0 = Debug|Any CPU
		{EE502A50-3C43-4388-A35F-BB34377BFA77}.Debug|x86.ActiveCfg = Debug|Any CPU
		{EE502A50-3C43-4388-A35F-BB34377BFA77}.Debug|x86.Build.0 = Debug|Any CPU
		{EE502A50-3C43-4388-A35F-BB34377BFA77}.Release|Any CPU.ActiveCfg = Release|Any CPU
		{EE502A50-3C43-4388-A35F-BB34377BFA77}.Release|Any CPU.Build.0 = Release|Any CPU
		{EE502A50-3C43-4388-A35F-BB34377BFA77}.Release|x86.ActiveCfg = Release|Any CPU
		{EE502A50-3C43-4388-A35F-BB34377BFA77}.Release|x86.Build.0 = Release|Any CPU
		{692BE4BE-30B1-47B6-8771-6DD6A5F285A3}.Debug|Any CPU.ActiveCfg = Debug|Any CPU
		{692BE4BE-30B1-47B6-8771-6DD6A5F285A3}.Debug|Any CPU.Build.0 = Debug|Any CPU
		{692BE4BE-30B1-47B6-8771-6DD6A5F285A3}.Debug|x86.ActiveCfg = Debug|Any CPU
		{692BE4BE-30B1-47B6-8771-6DD6A5F285A3}.Debug|x86.Build.0 = Debug|Any CPU
		{692BE4BE-30B1-47B6-8771-6DD6A5F285A3}.Release|Any CPU.ActiveCfg = Release|Any CPU
		{692BE4BE-30B1-47B6-8771-6DD6A5F285A3}.Release|Any CPU.Build.0 = Release|Any CPU
		{692BE4BE-30B1-47B6-8771-6DD6A5F285A3}.Release|x86.ActiveCfg = Release|Any CPU
		{692BE4BE-30B1-47B6-8771-6DD6A5F285A3}.Release|x86.Build.0 = Release|Any CPU
		{1B998683-3305-463E-A53B-AB630C5C37DE}.Debug|Any CPU.ActiveCfg = Debug|Any CPU
		{1B998683-3305-463E-A53B-AB630C5C37DE}.Debug|Any CPU.Build.0 = Debug|Any CPU
		{1B998683-3305-463E-A53B-AB630C5C37DE}.Debug|x86.ActiveCfg = Debug|Any CPU
		{1B998683-3305-463E-A53B-AB630C5C37DE}.Debug|x86.Build.0 = Debug|Any CPU
		{1B998683-3305-463E-A53B-AB630C5C37DE}.Release|Any CPU.ActiveCfg = Release|Any CPU
		{1B998683-3305-463E-A53B-AB630C5C37DE}.Release|Any CPU.Build.0 = Release|Any CPU
		{1B998683-3305-463E-A53B-AB630C5C37DE}.Release|x86.ActiveCfg = Release|Any CPU
		{1B998683-3305-463E-A53B-AB630C5C37DE}.Release|x86.Build.0 = Release|Any CPU
		{4F84C5C2-B549-4F4D-AD7D-6893B3D6E1D1}.Debug|Any CPU.ActiveCfg = Debug|Any CPU
		{4F84C5C2-B549-4F4D-AD7D-6893B3D6E1D1}.Debug|Any CPU.Build.0 = Debug|Any CPU
		{4F84C5C2-B549-4F4D-AD7D-6893B3D6E1D1}.Debug|x86.ActiveCfg = Debug|Any CPU
		{4F84C5C2-B549-4F4D-AD7D-6893B3D6E1D1}.Debug|x86.Build.0 = Debug|Any CPU
		{4F84C5C2-B549-4F4D-AD7D-6893B3D6E1D1}.Release|Any CPU.ActiveCfg = Release|Any CPU
		{4F84C5C2-B549-4F4D-AD7D-6893B3D6E1D1}.Release|Any CPU.Build.0 = Release|Any CPU
		{4F84C5C2-B549-4F4D-AD7D-6893B3D6E1D1}.Release|x86.ActiveCfg = Release|Any CPU
		{4F84C5C2-B549-4F4D-AD7D-6893B3D6E1D1}.Release|x86.Build.0 = Release|Any CPU
		{39CCF813-E349-4AC0-87D8-06C0C78AE441}.Debug|Any CPU.ActiveCfg = Debug|Any CPU
		{39CCF813-E349-4AC0-87D8-06C0C78AE441}.Debug|Any CPU.Build.0 = Debug|Any CPU
		{39CCF813-E349-4AC0-87D8-06C0C78AE441}.Debug|x86.ActiveCfg = Debug|x86
		{39CCF813-E349-4AC0-87D8-06C0C78AE441}.Debug|x86.Build.0 = Debug|x86
		{39CCF813-E349-4AC0-87D8-06C0C78AE441}.Release|Any CPU.ActiveCfg = Release|Any CPU
		{39CCF813-E349-4AC0-87D8-06C0C78AE441}.Release|Any CPU.Build.0 = Release|Any CPU
		{39CCF813-E349-4AC0-87D8-06C0C78AE441}.Release|x86.ActiveCfg = Release|x86
		{39CCF813-E349-4AC0-87D8-06C0C78AE441}.Release|x86.Build.0 = Release|x86
		{B093051C-04E1-4E64-B051-F0AF0E321682}.Debug|Any CPU.ActiveCfg = Debug|Any CPU
		{B093051C-04E1-4E64-B051-F0AF0E321682}.Debug|Any CPU.Build.0 = Debug|Any CPU
		{B093051C-04E1-4E64-B051-F0AF0E321682}.Debug|x86.ActiveCfg = Debug|x86
		{B093051C-04E1-4E64-B051-F0AF0E321682}.Debug|x86.Build.0 = Debug|x86
		{B093051C-04E1-4E64-B051-F0AF0E321682}.Release|Any CPU.ActiveCfg = Release|Any CPU
		{B093051C-04E1-4E64-B051-F0AF0E321682}.Release|Any CPU.Build.0 = Release|Any CPU
		{B093051C-04E1-4E64-B051-F0AF0E321682}.Release|x86.ActiveCfg = Release|x86
		{B093051C-04E1-4E64-B051-F0AF0E321682}.Release|x86.Build.0 = Release|x86
		{1AF4C6A2-0F19-4A0F-AB56-E34B5966967C}.Debug|Any CPU.ActiveCfg = Debug|Any CPU
		{1AF4C6A2-0F19-4A0F-AB56-E34B5966967C}.Debug|Any CPU.Build.0 = Debug|Any CPU
		{1AF4C6A2-0F19-4A0F-AB56-E34B5966967C}.Debug|x86.ActiveCfg = Debug|x86
		{1AF4C6A2-0F19-4A0F-AB56-E34B5966967C}.Debug|x86.Build.0 = Debug|x86
		{1AF4C6A2-0F19-4A0F-AB56-E34B5966967C}.Release|Any CPU.ActiveCfg = Release|Any CPU
		{1AF4C6A2-0F19-4A0F-AB56-E34B5966967C}.Release|Any CPU.Build.0 = Release|Any CPU
		{1AF4C6A2-0F19-4A0F-AB56-E34B5966967C}.Release|x86.ActiveCfg = Release|x86
		{1AF4C6A2-0F19-4A0F-AB56-E34B5966967C}.Release|x86.Build.0 = Release|x86
		{543C4A70-A68A-48D0-AA95-E8D280C733CF}.Debug|Any CPU.ActiveCfg = Debug|Any CPU
		{543C4A70-A68A-48D0-AA95-E8D280C733CF}.Debug|Any CPU.Build.0 = Debug|Any CPU
		{543C4A70-A68A-48D0-AA95-E8D280C733CF}.Debug|x86.ActiveCfg = Debug|Any CPU
		{543C4A70-A68A-48D0-AA95-E8D280C733CF}.Debug|x86.Build.0 = Debug|Any CPU
		{543C4A70-A68A-48D0-AA95-E8D280C733CF}.Release|Any CPU.ActiveCfg = Release|Any CPU
		{543C4A70-A68A-48D0-AA95-E8D280C733CF}.Release|Any CPU.Build.0 = Release|Any CPU
		{543C4A70-A68A-48D0-AA95-E8D280C733CF}.Release|x86.ActiveCfg = Release|Any CPU
		{543C4A70-A68A-48D0-AA95-E8D280C733CF}.Release|x86.Build.0 = Release|Any CPU
		{6AB023A9-5DF0-457C-892E-4847217671A7}.Debug|Any CPU.ActiveCfg = Debug|Any CPU
		{6AB023A9-5DF0-457C-892E-4847217671A7}.Debug|Any CPU.Build.0 = Debug|Any CPU
		{6AB023A9-5DF0-457C-892E-4847217671A7}.Debug|x86.ActiveCfg = Debug|x86
		{6AB023A9-5DF0-457C-892E-4847217671A7}.Debug|x86.Build.0 = Debug|x86
		{6AB023A9-5DF0-457C-892E-4847217671A7}.Release|Any CPU.ActiveCfg = Release|Any CPU
		{6AB023A9-5DF0-457C-892E-4847217671A7}.Release|Any CPU.Build.0 = Release|Any CPU
		{6AB023A9-5DF0-457C-892E-4847217671A7}.Release|x86.ActiveCfg = Release|x86
		{6AB023A9-5DF0-457C-892E-4847217671A7}.Release|x86.Build.0 = Release|x86
		{3542083C-82E9-4508-ADBC-7198D5D80E75}.Debug|Any CPU.ActiveCfg = Debug|Any CPU
		{3542083C-82E9-4508-ADBC-7198D5D80E75}.Debug|Any CPU.Build.0 = Debug|Any CPU
		{3542083C-82E9-4508-ADBC-7198D5D80E75}.Debug|x86.ActiveCfg = Debug|Any CPU
		{3542083C-82E9-4508-ADBC-7198D5D80E75}.Debug|x86.Build.0 = Debug|Any CPU
		{3542083C-82E9-4508-ADBC-7198D5D80E75}.Release|Any CPU.ActiveCfg = Release|Any CPU
		{3542083C-82E9-4508-ADBC-7198D5D80E75}.Release|Any CPU.Build.0 = Release|Any CPU
		{3542083C-82E9-4508-ADBC-7198D5D80E75}.Release|x86.ActiveCfg = Release|Any CPU
		{3542083C-82E9-4508-ADBC-7198D5D80E75}.Release|x86.Build.0 = Release|Any CPU
		{3BE7DE0C-EC93-4B9B-9BF1-2787F249E0B8}.Debug|Any CPU.ActiveCfg = Debug|Any CPU
		{3BE7DE0C-EC93-4B9B-9BF1-2787F249E0B8}.Debug|Any CPU.Build.0 = Debug|Any CPU
		{3BE7DE0C-EC93-4B9B-9BF1-2787F249E0B8}.Debug|x86.ActiveCfg = Debug|Any CPU
		{3BE7DE0C-EC93-4B9B-9BF1-2787F249E0B8}.Debug|x86.Build.0 = Debug|Any CPU
		{3BE7DE0C-EC93-4B9B-9BF1-2787F249E0B8}.Release|Any CPU.ActiveCfg = Release|Any CPU
		{3BE7DE0C-EC93-4B9B-9BF1-2787F249E0B8}.Release|Any CPU.Build.0 = Release|Any CPU
		{3BE7DE0C-EC93-4B9B-9BF1-2787F249E0B8}.Release|x86.ActiveCfg = Release|Any CPU
		{3BE7DE0C-EC93-4B9B-9BF1-2787F249E0B8}.Release|x86.Build.0 = Release|Any CPU
		{74148B5C-8B00-4246-A196-0B65F69A85FB}.Debug|Any CPU.ActiveCfg = Debug|Any CPU
		{74148B5C-8B00-4246-A196-0B65F69A85FB}.Debug|Any CPU.Build.0 = Debug|Any CPU
		{74148B5C-8B00-4246-A196-0B65F69A85FB}.Debug|x86.ActiveCfg = Debug|Any CPU
		{74148B5C-8B00-4246-A196-0B65F69A85FB}.Debug|x86.Build.0 = Debug|Any CPU
		{74148B5C-8B00-4246-A196-0B65F69A85FB}.Release|Any CPU.ActiveCfg = Release|Any CPU
		{74148B5C-8B00-4246-A196-0B65F69A85FB}.Release|Any CPU.Build.0 = Release|Any CPU
		{74148B5C-8B00-4246-A196-0B65F69A85FB}.Release|x86.ActiveCfg = Release|Any CPU
		{74148B5C-8B00-4246-A196-0B65F69A85FB}.Release|x86.Build.0 = Release|Any CPU
		{E519B735-10CA-4CE6-ABCC-7FEACA297A28}.Debug|Any CPU.ActiveCfg = Debug|Any CPU
		{E519B735-10CA-4CE6-ABCC-7FEACA297A28}.Debug|x86.ActiveCfg = Debug|Any CPU
		{E519B735-10CA-4CE6-ABCC-7FEACA297A28}.Debug|x86.Build.0 = Debug|Any CPU
		{E519B735-10CA-4CE6-ABCC-7FEACA297A28}.Release|Any CPU.ActiveCfg = Release|Any CPU
		{E519B735-10CA-4CE6-ABCC-7FEACA297A28}.Release|Any CPU.Build.0 = Release|Any CPU
		{E519B735-10CA-4CE6-ABCC-7FEACA297A28}.Release|x86.ActiveCfg = Release|Any CPU
		{E519B735-10CA-4CE6-ABCC-7FEACA297A28}.Release|x86.Build.0 = Release|Any CPU
		{07B5650D-269F-42AE-ACB9-4449D75EFCCB}.Debug|Any CPU.ActiveCfg = Debug|Any CPU
		{07B5650D-269F-42AE-ACB9-4449D75EFCCB}.Debug|Any CPU.Build.0 = Debug|Any CPU
		{07B5650D-269F-42AE-ACB9-4449D75EFCCB}.Debug|x86.ActiveCfg = Debug|Any CPU
		{07B5650D-269F-42AE-ACB9-4449D75EFCCB}.Debug|x86.Build.0 = Debug|Any CPU
		{07B5650D-269F-42AE-ACB9-4449D75EFCCB}.Release|Any CPU.ActiveCfg = Release|Any CPU
		{07B5650D-269F-42AE-ACB9-4449D75EFCCB}.Release|Any CPU.Build.0 = Release|Any CPU
		{07B5650D-269F-42AE-ACB9-4449D75EFCCB}.Release|x86.ActiveCfg = Release|Any CPU
		{07B5650D-269F-42AE-ACB9-4449D75EFCCB}.Release|x86.Build.0 = Release|Any CPU
		{2BA40BC2-2FE6-422A-89EB-B1882407816A}.Debug|Any CPU.ActiveCfg = Debug|Any CPU
		{2BA40BC2-2FE6-422A-89EB-B1882407816A}.Debug|Any CPU.Build.0 = Debug|Any CPU
		{2BA40BC2-2FE6-422A-89EB-B1882407816A}.Debug|x86.ActiveCfg = Debug|Any CPU
		{2BA40BC2-2FE6-422A-89EB-B1882407816A}.Debug|x86.Build.0 = Debug|Any CPU
		{2BA40BC2-2FE6-422A-89EB-B1882407816A}.Release|Any CPU.ActiveCfg = Release|Any CPU
		{2BA40BC2-2FE6-422A-89EB-B1882407816A}.Release|Any CPU.Build.0 = Release|Any CPU
		{2BA40BC2-2FE6-422A-89EB-B1882407816A}.Release|x86.ActiveCfg = Release|Any CPU
		{2BA40BC2-2FE6-422A-89EB-B1882407816A}.Release|x86.Build.0 = Release|Any CPU
	EndGlobalSection
	GlobalSection(SolutionProperties) = preSolution
		HideSolutionNode = FALSE
	EndGlobalSection
	GlobalSection(NestedProjects) = preSolution
		{C492FE36-B6C6-4128-82E2-2393D2CFC539} = {606B346C-EB68-4756-9015-CB96754727A0}
		{DB2E9939-D808-4BAC-AAEF-9F9FC72395A2} = {606B346C-EB68-4756-9015-CB96754727A0}
		{4BBFA163-3F23-4D17-A989-091C3A7E4CC4} = {606B346C-EB68-4756-9015-CB96754727A0}
		{F94E99FE-78F6-4460-98ED-699282346FE1} = {606B346C-EB68-4756-9015-CB96754727A0}
		{9FCF72F5-FE76-4C0D-967C-9204C7BAB097} = {606B346C-EB68-4756-9015-CB96754727A0}
		{3D17C823-3D92-49BE-A307-077F56CCDE8C} = {606B346C-EB68-4756-9015-CB96754727A0}
		{8F481011-9C1B-4331-9E53-1CE597F92D2C} = {606B346C-EB68-4756-9015-CB96754727A0}
		{EE502A50-3C43-4388-A35F-BB34377BFA77} = {42DB5172-CEF5-42C9-9568-79468147A908}
		{692BE4BE-30B1-47B6-8771-6DD6A5F285A3} = {42DB5172-CEF5-42C9-9568-79468147A908}
		{1B998683-3305-463E-A53B-AB630C5C37DE} = {42DB5172-CEF5-42C9-9568-79468147A908}
		{4F84C5C2-B549-4F4D-AD7D-6893B3D6E1D1} = {7F3F76D4-2EA1-49BB-9E4D-3DEB204B1323}
		{39CCF813-E349-4AC0-87D8-06C0C78AE441} = {7F3F76D4-2EA1-49BB-9E4D-3DEB204B1323}
		{B093051C-04E1-4E64-B051-F0AF0E321682} = {219F69A0-7E89-417F-82B9-CE4ACE317E7A}
		{1AF4C6A2-0F19-4A0F-AB56-E34B5966967C} = {219F69A0-7E89-417F-82B9-CE4ACE317E7A}
		{543C4A70-A68A-48D0-AA95-E8D280C733CF} = {219F69A0-7E89-417F-82B9-CE4ACE317E7A}
		{6AB023A9-5DF0-457C-892E-4847217671A7} = {51668532-0825-4633-AAAE-4C7336B2B385}
		{3542083C-82E9-4508-ADBC-7198D5D80E75} = {51668532-0825-4633-AAAE-4C7336B2B385}
		{3BE7DE0C-EC93-4B9B-9BF1-2787F249E0B8} = {606B346C-EB68-4756-9015-CB96754727A0}
		{219F69A0-7E89-417F-82B9-CE4ACE317E7A} = {2474B27A-D9C4-4947-936C-4091FE693B1A}
		{51668532-0825-4633-AAAE-4C7336B2B385} = {2474B27A-D9C4-4947-936C-4091FE693B1A}
		{42DB5172-CEF5-42C9-9568-79468147A908} = {2474B27A-D9C4-4947-936C-4091FE693B1A}
		{74148B5C-8B00-4246-A196-0B65F69A85FB} = {51668532-0825-4633-AAAE-4C7336B2B385}
		{E519B735-10CA-4CE6-ABCC-7FEACA297A28} = {D6CCF92D-E9CF-44D6-B992-9AFADF098D07}
		{07B5650D-269F-42AE-ACB9-4449D75EFCCB} = {42DB5172-CEF5-42C9-9568-79468147A908}
		{2BA40BC2-2FE6-422A-89EB-B1882407816A} = {7F3F76D4-2EA1-49BB-9E4D-3DEB204B1323}
	EndGlobalSection
	GlobalSection(ExtensibilityGlobals) = postSolution
		SolutionGuid = {7F2D2AB4-77E8-4821-A2A1-60CB2EB5368F}
	EndGlobalSection
EndGlobal
